<?xml version="1.0" encoding="UTF-8"?>
<!DOCTYPE plist PUBLIC "-//Apple//DTD PLIST 1.0//EN" "http://www.apple.com/DTDs/PropertyList-1.0.dtd">
<plist version="1.0">
<dict>
	<key>archiveVersion</key>
	<string>1</string>
	<key>classes</key>
	<dict/>
	<key>objectVersion</key>
	<string>46</string>
	<key>objects</key>
	<dict>
		<key>0F6971122659166EBDD45CFF</key>
		<dict>
			<key>fileRef</key>
			<string>A8D013C425D304C1A3268F99</string>
			<key>isa</key>
			<string>PBXBuildFile</string>
		</dict>
		<key>1BC31B428125CE584211B6B4</key>
		<dict>
			<key>fileRef</key>
			<string>3AC71F4D93914C20115FFAD2</string>
			<key>isa</key>
			<string>PBXBuildFile</string>
		</dict>
		<key>353CC9C1C1D3D4DC2AECE3CB</key>
		<dict>
			<key>fileRef</key>
			<string>C445CF3D819F3C546A83A9C4</string>
			<key>isa</key>
			<string>PBXBuildFile</string>
		</dict>
		<key>36DEF37271B32DEEC5AA07C6</key>
		<dict>
			<key>fileRef</key>
			<string>B5F779798219FE48640E4417</string>
			<key>isa</key>
			<string>PBXBuildFile</string>
		</dict>
		<key>3AC71F4D93914C20115FFAD2</key>
		<dict>
			<key>fileEncoding</key>
			<string>4</string>
			<key>isa</key>
			<string>PBXFileReference</string>
			<key>lastKnownFileType</key>
			<string>wrapper.framework</string>
			<key>name</key>
			<string>UIKit.framework</string>
			<key>path</key>
			<string>System/Library/Frameworks/UIKit.framework</string>
			<key>sourceTree</key>
			<string>SDKROOT</string>
		</dict>
		<key>3EA99222E6644F1285B9BDAA</key>
		<dict>
			<key>fileEncoding</key>
			<string>4</string>
			<key>isa</key>
			<string>PBXFileReference</string>
			<key>lastKnownFileType</key>
			<string>wrapper.framework</string>
			<key>name</key>
			<string>CoreGraphics.framework</string>
			<key>path</key>
			<string>System/Library/Frameworks/CoreGraphics.framework</string>
			<key>sourceTree</key>
			<string>SDKROOT</string>
		</dict>
		<key>429D5CB74CDE7AF2C10EE34A</key>
		<dict>
			<key>fileEncoding</key>
			<string>4</string>
			<key>isa</key>
			<string>PBXFileReference</string>
			<key>lastKnownFileType</key>
			<string>wrapper.cfbundle</string>
			<key>name</key>
			<string>uexCamera.bundle</string>
			<key>path</key>
			<string>uexCamera/uexCamera.bundle</string>
			<key>sourceTree</key>
			<string>&lt;group&gt;</string>
		</dict>
		<key>48394C2C73EE107773C3E2E5</key>
		<dict>
			<key>fileRef</key>
			<string>3EA99222E6644F1285B9BDAA</string>
			<key>isa</key>
			<string>PBXBuildFile</string>
		</dict>
		<key>49546AB3292CD8F2E0DA1023</key>
		<dict>
			<key>fileRef</key>
			<string>429D5CB74CDE7AF2C10EE34A</string>
			<key>isa</key>
			<string>PBXBuildFile</string>
		</dict>
		<key>4AF7D33A05D4D4A0F23B0B6E</key>
		<dict>
			<key>fileRef</key>
			<string>E9E281C5723C1D482A70C100</string>
			<key>isa</key>
			<string>PBXBuildFile</string>
		</dict>
		<key>4F2916DE8543B936FCA40F34</key>
		<dict>
			<key>fileRef</key>
			<string>ED500E325F7B9632608A2B23</string>
			<key>isa</key>
			<string>PBXBuildFile</string>
		</dict>
		<key>50E47AAEF4129F176BEB56B3</key>
		<dict>
			<key>children</key>
			<array>
				<string>A7580ECA6480D57DEBD4B02C</string>
				<string>F9E401B6D9C70980EF44BD4C</string>
			</array>
			<key>isa</key>
			<string>PBXGroup</string>
			<key>path</key>
			<string>AppCanEngine</string>
			<key>sourceTree</key>
			<string>&lt;group&gt;</string>
		</dict>
		<key>51565EE4889DA4091AAC034B</key>
		<dict>
			<key>fileRef</key>
			<string>5789343C5C0E35BE241D0F70</string>
			<key>isa</key>
			<string>PBXBuildFile</string>
		</dict>
		<key>5439B3A2E38CA6BBD7D0A669</key>
		<dict>
			<key>buildActionMask</key>
			<string>2147483647</string>
			<key>files</key>
			<array>
				<string>49546AB3292CD8F2E0DA1023</string>
			</array>
			<key>isa</key>
			<string>PBXResourcesBuildPhase</string>
			<key>runOnlyForDeploymentPostprocessing</key>
			<string>0</string>
		</dict>
		<key>56C0F3E6E2561D1C93825FBA</key>
		<dict>
			<key>fileRef</key>
			<string>8A2BB758716E0BF9BB642060</string>
			<key>isa</key>
			<string>PBXBuildFile</string>
		</dict>
		<key>5789343C5C0E35BE241D0F70</key>
		<dict>
			<key>fileEncoding</key>
			<string>4</string>
			<key>isa</key>
			<string>PBXFileReference</string>
			<key>lastKnownFileType</key>
			<string>wrapper.framework</string>
			<key>name</key>
			<string>ImageIO.framework</string>
			<key>path</key>
			<string>System/Library/Frameworks/ImageIO.framework</string>
			<key>sourceTree</key>
			<string>SDKROOT</string>
		</dict>
		<key>5A60A94A18AB608500C727A6</key>
		<dict>
			<key>isa</key>
			<string>PBXFileReference</string>
			<key>lastKnownFileType</key>
			<string>sourcecode.c.h</string>
			<key>path</key>
			<string>EUExCamera.h</string>
			<key>sourceTree</key>
			<string>&lt;group&gt;</string>
		</dict>
		<key>5AA8D53E188F9DBB00C854BC</key>
		<dict>
			<key>children</key>
			<array>
				<string>5AA8D54C188F9DBB00C854BC</string>
				<string>D77673D11CBCA96700D51CF2</string>
				<string>5AA8D549188F9DBB00C854BC</string>
				<string>AD1AB5B84C4199881F45CF80</string>
				<string>50E47AAEF4129F176BEB56B3</string>
				<string>429D5CB74CDE7AF2C10EE34A</string>
				<string>5AA8D548188F9DBB00C854BC</string>
			</array>
			<key>isa</key>
			<string>PBXGroup</string>
			<key>sourceTree</key>
			<string>&lt;group&gt;</string>
		</dict>
		<key>5AA8D53F188F9DBB00C854BC</key>
		<dict>
			<key>attributes</key>
			<dict>
				<key>LastUpgradeCheck</key>
				<string>0500</string>
				<key>ORGANIZATIONNAME</key>
				<string>xll</string>
				<key>TargetAttributes</key>
				<dict>
					<key>D77673CF1CBCA96700D51CF2</key>
					<dict>
						<key>CreatedOnToolsVersion</key>
						<string>7.3</string>
					</dict>
				</dict>
			</dict>
			<key>buildConfigurationList</key>
			<string>5AA8D542188F9DBB00C854BC</string>
			<key>compatibilityVersion</key>
			<string>Xcode 3.2</string>
			<key>developmentRegion</key>
			<string>English</string>
			<key>hasScannedForEncodings</key>
			<string>0</string>
			<key>isa</key>
			<string>PBXProject</string>
			<key>knownRegions</key>
			<array>
				<string>en</string>
				<string>zh-Hans</string>
			</array>
			<key>mainGroup</key>
			<string>5AA8D53E188F9DBB00C854BC</string>
			<key>productRefGroup</key>
			<string>5AA8D548188F9DBB00C854BC</string>
			<key>projectDirPath</key>
			<string></string>
			<key>projectRoot</key>
			<string></string>
			<key>targets</key>
			<array>
				<string>5AA8D546188F9DBB00C854BC</string>
				<string>D77673CF1CBCA96700D51CF2</string>
			</array>
		</dict>
		<key>5AA8D542188F9DBB00C854BC</key>
		<dict>
			<key>buildConfigurations</key>
			<array>
				<string>5AA8D568188F9DBB00C854BC</string>
				<string>5AA8D569188F9DBB00C854BC</string>
			</array>
			<key>defaultConfigurationIsVisible</key>
			<string>0</string>
			<key>defaultConfigurationName</key>
			<string>Release</string>
			<key>isa</key>
			<string>XCConfigurationList</string>
		</dict>
		<key>5AA8D543188F9DBB00C854BC</key>
		<dict>
			<key>buildActionMask</key>
			<string>2147483647</string>
			<key>files</key>
			<array>
				<string>D75F5EDF1C604CE500F480FA</string>
				<string>D75F5EDE1C604CE500F480FA</string>
				<string>D75F5EE01C604CE500F480FA</string>
				<string>5AA8D552188F9DBB00C854BC</string>
				<string>D77674001CBCC52B00D51CF2</string>
				<string>D75F5EE31C604CE500F480FA</string>
				<string>D75F5EE11C604CE500F480FA</string>
				<string>D75F5EDD1C604CE500F480FA</string>
				<string>D75F5EE21C604CE500F480FA</string>
				<string>D75F5EB01C6046B600F480FA</string>
			</array>
			<key>isa</key>
			<string>PBXSourcesBuildPhase</string>
			<key>runOnlyForDeploymentPostprocessing</key>
			<string>0</string>
		</dict>
		<key>5AA8D544188F9DBB00C854BC</key>
		<dict>
			<key>buildActionMask</key>
			<string>2147483647</string>
			<key>files</key>
			<array>
				<string>5AA8D54B188F9DBB00C854BC</string>
				<string>4AF7D33A05D4D4A0F23B0B6E</string>
				<string>0F6971122659166EBDD45CFF</string>
				<string>353CC9C1C1D3D4DC2AECE3CB</string>
				<string>51565EE4889DA4091AAC034B</string>
				<string>66507C245688E08B860E47F7</string>
				<string>E2ED4EDCA82DA8A709025218</string>
				<string>1BC31B428125CE584211B6B4</string>
				<string>48394C2C73EE107773C3E2E5</string>
				<string>DF6CBFCDC2286FAD213B39C3</string>
				<string>56C0F3E6E2561D1C93825FBA</string>
				<string>36DEF37271B32DEEC5AA07C6</string>
				<string>4F2916DE8543B936FCA40F34</string>
				<string>EC7AD9E8E48D63334DE60AE7</string>
				<string>6653E77DDDF3D134673896A4</string>
			</array>
			<key>isa</key>
			<string>PBXFrameworksBuildPhase</string>
			<key>runOnlyForDeploymentPostprocessing</key>
			<string>0</string>
		</dict>
		<key>5AA8D545188F9DBB00C854BC</key>
		<dict>
			<key>buildActionMask</key>
			<string>2147483647</string>
			<key>dstPath</key>
			<string>include/$(PRODUCT_NAME)</string>
			<key>dstSubfolderSpec</key>
			<string>16</string>
			<key>files</key>
			<array/>
			<key>isa</key>
			<string>PBXCopyFilesBuildPhase</string>
			<key>runOnlyForDeploymentPostprocessing</key>
			<string>0</string>
		</dict>
		<key>5AA8D546188F9DBB00C854BC</key>
		<dict>
			<key>buildConfigurationList</key>
			<string>5AA8D56A188F9DBB00C854BC</string>
			<key>buildPhases</key>
			<array>
				<string>5AA8D543188F9DBB00C854BC</string>
				<string>5AA8D544188F9DBB00C854BC</string>
				<string>5439B3A2E38CA6BBD7D0A669</string>
			</array>
			<key>buildRules</key>
			<array/>
			<key>dependencies</key>
			<array>
				<string>D77673D91CBCAA0D00D51CF2</string>
			</array>
			<key>isa</key>
			<string>PBXNativeTarget</string>
			<key>name</key>
			<string>EUExCamera</string>
			<key>productName</key>
			<string>EUExCamera</string>
			<key>productReference</key>
			<string>5AA8D547188F9DBB00C854BC</string>
			<key>productType</key>
			<string>com.apple.product-type.framework</string>
		</dict>
		<key>5AA8D547188F9DBB00C854BC</key>
		<dict>
			<key>explicitFileType</key>
			<string>archive.ar</string>
			<key>includeInIndex</key>
			<string>0</string>
			<key>isa</key>
			<string>PBXFileReference</string>
			<key>name</key>
			<string>uexCamera.framework</string>
			<key>path</key>
			<string>uexCamera.framework</string>
			<key>sourceTree</key>
			<string>BUILT_PRODUCTS_DIR</string>
		</dict>
		<key>5AA8D548188F9DBB00C854BC</key>
		<dict>
			<key>children</key>
			<array>
				<string>5AA8D547188F9DBB00C854BC</string>
				<string>D77673D01CBCA96700D51CF2</string>
			</array>
			<key>isa</key>
			<string>PBXGroup</string>
			<key>name</key>
			<string>Products</string>
			<key>sourceTree</key>
			<string>&lt;group&gt;</string>
		</dict>
		<key>5AA8D549188F9DBB00C854BC</key>
		<dict>
			<key>children</key>
			<array>
				<string>5AA8D54A188F9DBB00C854BC</string>
				<string>5AA8D558188F9DBB00C854BC</string>
				<string>5AA8D55B188F9DBB00C854BC</string>
			</array>
			<key>isa</key>
			<string>PBXGroup</string>
			<key>name</key>
			<string>Frameworks</string>
			<key>sourceTree</key>
			<string>&lt;group&gt;</string>
		</dict>
		<key>5AA8D54A188F9DBB00C854BC</key>
		<dict>
			<key>isa</key>
			<string>PBXFileReference</string>
			<key>lastKnownFileType</key>
			<string>wrapper.framework</string>
			<key>name</key>
			<string>Foundation.framework</string>
			<key>path</key>
			<string>System/Library/Frameworks/Foundation.framework</string>
			<key>sourceTree</key>
			<string>SDKROOT</string>
		</dict>
		<key>5AA8D54B188F9DBB00C854BC</key>
		<dict>
			<key>fileRef</key>
			<string>5AA8D54A188F9DBB00C854BC</string>
			<key>isa</key>
			<string>PBXBuildFile</string>
		</dict>
		<key>5AA8D54C188F9DBB00C854BC</key>
		<dict>
			<key>children</key>
			<array>
				<string>5A60A94A18AB608500C727A6</string>
				<string>5AA8D551188F9DBB00C854BC</string>
				<string>5AA8D570188F9E2B00C854BC</string>
				<string>D75F5EAE1C6046B600F480FA</string>
				<string>D75F5EAF1C6046B600F480FA</string>
				<string>D75F5EC01C604CE500F480FA</string>
				<string>5AA8D54D188F9DBB00C854BC</string>
			</array>
			<key>isa</key>
			<string>PBXGroup</string>
			<key>path</key>
			<string>EUExCamera</string>
			<key>sourceTree</key>
			<string>&lt;group&gt;</string>
		</dict>
		<key>5AA8D54D188F9DBB00C854BC</key>
		<dict>
			<key>children</key>
			<array>
				<string>5AA8D54E188F9DBB00C854BC</string>
			</array>
			<key>isa</key>
			<string>PBXGroup</string>
			<key>name</key>
			<string>Supporting Files</string>
			<key>sourceTree</key>
			<string>&lt;group&gt;</string>
		</dict>
		<key>5AA8D54E188F9DBB00C854BC</key>
		<dict>
			<key>isa</key>
			<string>PBXFileReference</string>
			<key>lastKnownFileType</key>
			<string>sourcecode.c.h</string>
			<key>path</key>
			<string>EUExCamera-Prefix.pch</string>
			<key>sourceTree</key>
			<string>&lt;group&gt;</string>
		</dict>
		<key>5AA8D551188F9DBB00C854BC</key>
		<dict>
			<key>isa</key>
			<string>PBXFileReference</string>
			<key>lastKnownFileType</key>
			<string>sourcecode.c.objc</string>
			<key>path</key>
			<string>EUExCamera.m</string>
			<key>sourceTree</key>
			<string>&lt;group&gt;</string>
		</dict>
		<key>5AA8D552188F9DBB00C854BC</key>
		<dict>
			<key>fileRef</key>
			<string>5AA8D551188F9DBB00C854BC</string>
			<key>isa</key>
			<string>PBXBuildFile</string>
		</dict>
		<key>5AA8D558188F9DBB00C854BC</key>
		<dict>
			<key>isa</key>
			<string>PBXFileReference</string>
			<key>lastKnownFileType</key>
			<string>wrapper.framework</string>
			<key>name</key>
			<string>XCTest.framework</string>
			<key>path</key>
			<string>Library/Frameworks/XCTest.framework</string>
			<key>sourceTree</key>
			<string>DEVELOPER_DIR</string>
		</dict>
		<key>5AA8D55B188F9DBB00C854BC</key>
		<dict>
			<key>isa</key>
			<string>PBXFileReference</string>
			<key>lastKnownFileType</key>
			<string>wrapper.framework</string>
			<key>name</key>
			<string>UIKit.framework</string>
			<key>path</key>
			<string>Library/Frameworks/UIKit.framework</string>
			<key>sourceTree</key>
			<string>DEVELOPER_DIR</string>
		</dict>
		<key>5AA8D568188F9DBB00C854BC</key>
		<dict>
			<key>buildSettings</key>
			<dict>
				<key>ALWAYS_SEARCH_USER_PATHS</key>
				<string>NO</string>
				<key>ARCHS</key>
				<string>$(ARCHS_STANDARD_INCLUDING_64_BIT)</string>
				<key>CLANG_CXX_LANGUAGE_STANDARD</key>
				<string>gnu++0x</string>
				<key>CLANG_CXX_LIBRARY</key>
				<string>libc++</string>
				<key>CLANG_ENABLE_MODULES</key>
				<string>YES</string>
				<key>CLANG_ENABLE_OBJC_ARC</key>
				<string>NO</string>
				<key>CLANG_WARN_BOOL_CONVERSION</key>
				<string>YES</string>
				<key>CLANG_WARN_CONSTANT_CONVERSION</key>
				<string>YES</string>
				<key>CLANG_WARN_DIRECT_OBJC_ISA_USAGE</key>
				<string>YES_ERROR</string>
				<key>CLANG_WARN_EMPTY_BODY</key>
				<string>YES</string>
				<key>CLANG_WARN_ENUM_CONVERSION</key>
				<string>YES</string>
				<key>CLANG_WARN_INT_CONVERSION</key>
				<string>YES</string>
				<key>CLANG_WARN_OBJC_ROOT_CLASS</key>
				<string>YES_ERROR</string>
				<key>CLANG_WARN__DUPLICATE_METHOD_MATCH</key>
				<string>YES</string>
				<key>CONFIGURATION_BUILD_DIR</key>
				<string>$(SRCROOT)/uexCamera/</string>
				<key>COPY_PHASE_STRIP</key>
				<string>NO</string>
				<key>DEBUG_INFORMATION_FORMAT</key>
				<string>dwarf</string>
				<key>GCC_C_LANGUAGE_STANDARD</key>
				<string>gnu99</string>
				<key>GCC_DYNAMIC_NO_PIC</key>
				<string>NO</string>
				<key>GCC_OPTIMIZATION_LEVEL</key>
				<string>0</string>
				<key>GCC_PREPROCESSOR_DEFINITIONS</key>
				<array>
					<string>DEBUG=1</string>
					<string>$(inherited)</string>
				</array>
				<key>GCC_SYMBOLS_PRIVATE_EXTERN</key>
				<string>NO</string>
				<key>GCC_WARN_64_TO_32_BIT_CONVERSION</key>
				<string>YES</string>
				<key>GCC_WARN_ABOUT_RETURN_TYPE</key>
				<string>YES_ERROR</string>
				<key>GCC_WARN_UNDECLARED_SELECTOR</key>
				<string>YES</string>
				<key>GCC_WARN_UNINITIALIZED_AUTOS</key>
				<string>YES</string>
				<key>GCC_WARN_UNUSED_FUNCTION</key>
				<string>YES</string>
				<key>GCC_WARN_UNUSED_VARIABLE</key>
				<string>YES</string>
				<key>IPHONEOS_DEPLOYMENT_TARGET</key>
				<string>8.0</string>
				<key>ONLY_ACTIVE_ARCH</key>
				<string>YES</string>
				<key>SDKROOT</key>
				<string>iphoneos</string>
				<key>TARGETED_DEVICE_FAMILY</key>
				<string>1,2</string>
			</dict>
			<key>isa</key>
			<string>XCBuildConfiguration</string>
			<key>name</key>
			<string>Debug</string>
		</dict>
		<key>5AA8D569188F9DBB00C854BC</key>
		<dict>
			<key>buildSettings</key>
			<dict>
				<key>ALWAYS_SEARCH_USER_PATHS</key>
				<string>NO</string>
				<key>ARCHS</key>
				<string>$(ARCHS_STANDARD_INCLUDING_64_BIT)</string>
				<key>CLANG_CXX_LANGUAGE_STANDARD</key>
				<string>gnu++0x</string>
				<key>CLANG_CXX_LIBRARY</key>
				<string>libc++</string>
				<key>CLANG_ENABLE_MODULES</key>
				<string>YES</string>
				<key>CLANG_ENABLE_OBJC_ARC</key>
				<string>NO</string>
				<key>CLANG_WARN_BOOL_CONVERSION</key>
				<string>YES</string>
				<key>CLANG_WARN_CONSTANT_CONVERSION</key>
				<string>YES</string>
				<key>CLANG_WARN_DIRECT_OBJC_ISA_USAGE</key>
				<string>YES_ERROR</string>
				<key>CLANG_WARN_EMPTY_BODY</key>
				<string>YES</string>
				<key>CLANG_WARN_ENUM_CONVERSION</key>
				<string>YES</string>
				<key>CLANG_WARN_INT_CONVERSION</key>
				<string>YES</string>
				<key>CLANG_WARN_OBJC_ROOT_CLASS</key>
				<string>YES_ERROR</string>
				<key>CLANG_WARN__DUPLICATE_METHOD_MATCH</key>
				<string>YES</string>
				<key>CONFIGURATION_BUILD_DIR</key>
				<string>$(SRCROOT)/uexCamera/</string>
				<key>COPY_PHASE_STRIP</key>
				<string>YES</string>
				<key>DEBUG_INFORMATION_FORMAT</key>
				<string>dwarf</string>
				<key>ENABLE_NS_ASSERTIONS</key>
				<string>NO</string>
				<key>GCC_C_LANGUAGE_STANDARD</key>
				<string>gnu99</string>
				<key>GCC_WARN_64_TO_32_BIT_CONVERSION</key>
				<string>YES</string>
				<key>GCC_WARN_ABOUT_RETURN_TYPE</key>
				<string>YES_ERROR</string>
				<key>GCC_WARN_UNDECLARED_SELECTOR</key>
				<string>YES</string>
				<key>GCC_WARN_UNINITIALIZED_AUTOS</key>
				<string>YES</string>
				<key>GCC_WARN_UNUSED_FUNCTION</key>
				<string>YES</string>
				<key>GCC_WARN_UNUSED_VARIABLE</key>
				<string>YES</string>
				<key>IPHONEOS_DEPLOYMENT_TARGET</key>
				<string>8.0</string>
				<key>SDKROOT</key>
				<string>iphoneos</string>
				<key>TARGETED_DEVICE_FAMILY</key>
				<string>1,2</string>
				<key>VALIDATE_PRODUCT</key>
				<string>YES</string>
			</dict>
			<key>isa</key>
			<string>XCBuildConfiguration</string>
			<key>name</key>
			<string>Release</string>
		</dict>
		<key>5AA8D56A188F9DBB00C854BC</key>
		<dict>
			<key>buildConfigurations</key>
			<array>
				<string>5AA8D56B188F9DBB00C854BC</string>
				<string>5AA8D56C188F9DBB00C854BC</string>
			</array>
			<key>defaultConfigurationIsVisible</key>
			<string>0</string>
			<key>defaultConfigurationName</key>
			<string>Release</string>
			<key>isa</key>
			<string>XCConfigurationList</string>
		</dict>
		<key>5AA8D56B188F9DBB00C854BC</key>
		<dict>
			<key>buildSettings</key>
			<dict>
				<key>ARCHS</key>
				<string>$(ARCHS_STANDARD)</string>
				<key>BUNDLE_IDENTIFIER</key>
				<string>com.zywx.runner</string>
				<key>CLANG_ENABLE_OBJC_ARC</key>
				<string>YES</string>
				<key>CONFIGURATION_BUILD_DIR</key>
				<string>$(SRCROOT)/uexCamera/IDE/</string>
				<key>DEBUG_INFORMATION_FORMAT</key>
				<string>dwarf</string>
				<key>DEFINES_MODULE</key>
				<string>YES</string>
				<key>DSTROOT</key>
				<string>/tmp/EUExCamera.dst</string>
				<key>DYLIB_COMPATIBILITY_VERSION</key>
				<string>1</string>
				<key>DYLIB_CURRENT_VERSION</key>
				<string>1</string>
				<key>DYLIB_INSTALL_NAME_BASE</key>
				<string>@rpath</string>
				<key>ENABLE_BITCODE</key>
				<string>NO</string>
				<key>FRAMEWORK_SEARCH_PATHS</key>
				<array>
					<string>$(PROJECT_DIR)</string>
					<string>$(SRCROOT)/../../AppCanPluginTools-iOS/resource/IDEPluginProjectPackageResource</string>
				</array>
				<key>GCC_PRECOMPILE_PREFIX_HEADER</key>
				<string>YES</string>
				<key>GCC_PREFIX_HEADER</key>
				<string>EUExCamera/EUExCamera-Prefix.pch</string>
				<key>HEADER_SEARCH_PATHS</key>
				<array>
					<string>$(SRCROOT)/../../AppCanPluginTools-iOS/resource/IDEPluginProjectPackageResource</string>
				</array>
				<key>INFOPLIST_FILE</key>
				<string>$(SRCROOT)/../../AppCanPluginTools-iOS/resource/IDEPluginProjectPackageResource/info.plist</string>
				<key>INSTALL_PATH</key>
				<string>$(LOCAL_LIBRARY_DIR)/Frameworks</string>
				<key>IPHONEOS_DEPLOYMENT_TARGET</key>
				<string>8.0</string>
				<key>LD_RUNPATH_SEARCH_PATHS</key>
				<array>
					<string>$(inherited)</string>
					<string>@executable_path/Frameworks</string>
					<string>@executable_path</string>
					<string>@loader_path/Frameworks</string>
					<string>@loader_path</string>
				</array>
				<key>LIBRARY_SEARCH_PATHS</key>
				<array>
					<string>$(inherited)</string>
					<string>$(SRCROOT)/../../AppCanPluginTools-iOS/resource/IDEPluginProjectPackageResource</string>
				</array>
				<key>ONLY_ACTIVE_ARCH</key>
				<string>NO</string>
				<key>OTHER_LDFLAGS</key>
				<array>
					<string>-ObjC</string>
					<string>$(SRCROOT)/../../AppCanPluginTools-iOS/resource/IDEPluginProjectPackageResource/AppCanKit.framework/AppCanKit</string>
				</array>
				<key>PRODUCT_NAME</key>
				<string>uexCamera</string>
				<key>PROVISIONING_PROFILE</key>
				<string>3046553f-5c0d-4f94-8f3c-dd49ce267880</string>
				<key>SKIP_INSTALL</key>
				<string>YES</string>
			</dict>
			<key>isa</key>
			<string>XCBuildConfiguration</string>
			<key>name</key>
			<string>Debug</string>
		</dict>
		<key>5AA8D56C188F9DBB00C854BC</key>
		<dict>
			<key>buildSettings</key>
			<dict>
				<key>ARCHS</key>
				<string>$(ARCHS_STANDARD)</string>
				<key>BUNDLE_IDENTIFIER</key>
				<string>com.zywx.runner</string>
				<key>CLANG_ENABLE_OBJC_ARC</key>
				<string>YES</string>
				<key>CONFIGURATION_BUILD_DIR</key>
				<string>$(SRCROOT)/uexCamera/IDE/</string>
				<key>DEBUG_INFORMATION_FORMAT</key>
				<string>dwarf</string>
				<key>DEFINES_MODULE</key>
				<string>YES</string>
				<key>DSTROOT</key>
				<string>/tmp/EUExCamera.dst</string>
				<key>DYLIB_COMPATIBILITY_VERSION</key>
				<string>1</string>
				<key>DYLIB_CURRENT_VERSION</key>
				<string>1</string>
				<key>DYLIB_INSTALL_NAME_BASE</key>
				<string>@rpath</string>
				<key>ENABLE_BITCODE</key>
				<string>NO</string>
				<key>FRAMEWORK_SEARCH_PATHS</key>
				<array>
					<string>$(PROJECT_DIR)</string>
					<string>$(SRCROOT)/../../AppCanPluginTools-iOS/resource/IDEPluginProjectPackageResource</string>
				</array>
				<key>GCC_PRECOMPILE_PREFIX_HEADER</key>
				<string>YES</string>
				<key>GCC_PREFIX_HEADER</key>
				<string>EUExCamera/EUExCamera-Prefix.pch</string>
				<key>HEADER_SEARCH_PATHS</key>
				<array>
					<string>$(SRCROOT)/../../AppCanPluginTools-iOS/resource/IDEPluginProjectPackageResource</string>
				</array>
				<key>INFOPLIST_FILE</key>
				<string>$(SRCROOT)/../../AppCanPluginTools-iOS/resource/IDEPluginProjectPackageResource/info.plist</string>
				<key>INSTALL_PATH</key>
				<string>$(LOCAL_LIBRARY_DIR)/Frameworks</string>
				<key>IPHONEOS_DEPLOYMENT_TARGET</key>
				<string>8.0</string>
				<key>LD_RUNPATH_SEARCH_PATHS</key>
				<array>
					<string>$(inherited)</string>
					<string>@executable_path/Frameworks</string>
					<string>@executable_path</string>
					<string>@loader_path/Frameworks</string>
					<string>@loader_path</string>
				</array>
				<key>LIBRARY_SEARCH_PATHS</key>
				<array>
					<string>$(inherited)</string>
					<string>$(SRCROOT)/../../AppCanPluginTools-iOS/resource/IDEPluginProjectPackageResource</string>
				</array>
				<key>ONLY_ACTIVE_ARCH</key>
				<string>NO</string>
				<key>OTHER_LDFLAGS</key>
				<array>
					<string>-ObjC</string>
					<string>$(SRCROOT)/../../AppCanPluginTools-iOS/resource/IDEPluginProjectPackageResource/AppCanKit.framework/AppCanKit</string>
				</array>
				<key>PRODUCT_NAME</key>
				<string>uexCamera</string>
				<key>PROVISIONING_PROFILE</key>
				<string>3046553f-5c0d-4f94-8f3c-dd49ce267880</string>
				<key>SKIP_INSTALL</key>
				<string>YES</string>
			</dict>
			<key>isa</key>
			<string>XCBuildConfiguration</string>
			<key>name</key>
			<string>Release</string>
		</dict>
		<key>5AA8D570188F9E2B00C854BC</key>
		<dict>
			<key>children</key>
			<array>
				<string>5AA8D571188F9E2B00C854BC</string>
				<string>5AA8D572188F9E2B00C854BC</string>
				<string>5AA8D573188F9E2B00C854BC</string>
			</array>
			<key>isa</key>
			<string>PBXGroup</string>
			<key>path</key>
			<string>engineHeader</string>
			<key>sourceTree</key>
			<string>&lt;group&gt;</string>
		</dict>
		<key>5AA8D571188F9E2B00C854BC</key>
		<dict>
			<key>fileEncoding</key>
			<string>4</string>
			<key>isa</key>
			<string>PBXFileReference</string>
			<key>lastKnownFileType</key>
			<string>sourcecode.c.h</string>
			<key>path</key>
			<string>EUExBase.h</string>
			<key>sourceTree</key>
			<string>&lt;group&gt;</string>
		</dict>
		<key>5AA8D572188F9E2B00C854BC</key>
		<dict>
			<key>fileEncoding</key>
			<string>4</string>
			<key>isa</key>
			<string>PBXFileReference</string>
			<key>lastKnownFileType</key>
			<string>sourcecode.c.h</string>
			<key>path</key>
			<string>EUExBaseDefine.h</string>
			<key>sourceTree</key>
			<string>&lt;group&gt;</string>
		</dict>
		<key>5AA8D573188F9E2B00C854BC</key>
		<dict>
			<key>fileEncoding</key>
			<string>4</string>
			<key>isa</key>
			<string>PBXFileReference</string>
			<key>lastKnownFileType</key>
			<string>sourcecode.c.h</string>
			<key>path</key>
			<string>EUtility.h</string>
			<key>sourceTree</key>
			<string>&lt;group&gt;</string>
		</dict>
		<key>66507C245688E08B860E47F7</key>
		<dict>
			<key>fileRef</key>
			<string>D522C41FAA01D097363E0294</string>
			<key>isa</key>
			<string>PBXBuildFile</string>
		</dict>
		<key>6653E77DDDF3D134673896A4</key>
		<dict>
			<key>fileRef</key>
			<string>A7580ECA6480D57DEBD4B02C</string>
			<key>isa</key>
			<string>PBXBuildFile</string>
		</dict>
		<key>78DA13DB4BC118F721B63F71</key>
		<dict>
			<key>fileEncoding</key>
			<string>4</string>
			<key>isa</key>
			<string>PBXFileReference</string>
			<key>lastKnownFileType</key>
			<string>archive.ar</string>
			<key>name</key>
			<string>libz.tbd</string>
			<key>path</key>
			<string>usr/lib/libz.tbd</string>
			<key>sourceTree</key>
			<string>SDKROOT</string>
		</dict>
		<key>8A2BB758716E0BF9BB642060</key>
		<dict>
			<key>fileEncoding</key>
			<string>4</string>
			<key>isa</key>
			<string>PBXFileReference</string>
			<key>lastKnownFileType</key>
			<string>archive.ar</string>
			<key>name</key>
			<string>libc++.tbd</string>
			<key>path</key>
			<string>usr/lib/libc++.tbd</string>
			<key>sourceTree</key>
			<string>SDKROOT</string>
		</dict>
		<key>9E633B8560AFCBCBAD713537</key>
		<dict>
			<key>fileEncoding</key>
			<string>4</string>
			<key>isa</key>
			<string>PBXFileReference</string>
			<key>lastKnownFileType</key>
			<string>wrapper.framework</string>
			<key>name</key>
			<string>QuartzCore.framework</string>
			<key>path</key>
			<string>System/Library/Frameworks/QuartzCore.framework</string>
			<key>sourceTree</key>
			<string>SDKROOT</string>
		</dict>
		<key>9F2800B552067CDD1B76675A</key>
		<dict>
			<key>fileEncoding</key>
			<string>4</string>
			<key>isa</key>
			<string>PBXFileReference</string>
			<key>lastKnownFileType</key>
			<string>wrapper.framework</string>
			<key>name</key>
			<string>MobileCoreServices.framework</string>
			<key>path</key>
			<string>System/Library/Frameworks/MobileCoreServices.framework</string>
			<key>sourceTree</key>
			<string>SDKROOT</string>
		</dict>
		<key>A12E221CF6E46A68F3AA88F4</key>
		<dict>
			<key>fileRef</key>
			<string>429D5CB74CDE7AF2C10EE34A</string>
			<key>isa</key>
			<string>PBXBuildFile</string>
		</dict>
		<key>A7580ECA6480D57DEBD4B02C</key>
		<dict>
			<key>fileEncoding</key>
			<string>4</string>
			<key>isa</key>
			<string>PBXFileReference</string>
			<key>lastKnownFileType</key>
			<string>wrapper.framework</string>
			<key>name</key>
			<string>AppCanEngine.framework</string>
			<key>path</key>
			<string>../../../AppCanPluginTools-iOS/resource/IDEPluginProjectPackageResource/AppCanEngine.framework</string>
			<key>sourceTree</key>
			<string>&lt;group&gt;</string>
		</dict>
		<key>A8D013C425D304C1A3268F99</key>
		<dict>
			<key>fileEncoding</key>
			<string>4</string>
			<key>isa</key>
			<string>PBXFileReference</string>
			<key>lastKnownFileType</key>
			<string>wrapper.framework</string>
			<key>name</key>
			<string>AudioToolbox.framework</string>
			<key>path</key>
			<string>System/Library/Frameworks/AudioToolbox.framework</string>
			<key>sourceTree</key>
			<string>SDKROOT</string>
		</dict>
		<key>AD1AB5B84C4199881F45CF80</key>
		<dict>
			<key>children</key>
			<array>
				<string>E9E281C5723C1D482A70C100</string>
				<string>A8D013C425D304C1A3268F99</string>
				<string>C445CF3D819F3C546A83A9C4</string>
				<string>5789343C5C0E35BE241D0F70</string>
				<string>D522C41FAA01D097363E0294</string>
				<string>9F2800B552067CDD1B76675A</string>
				<string>3AC71F4D93914C20115FFAD2</string>
				<string>3EA99222E6644F1285B9BDAA</string>
				<string>9E633B8560AFCBCBAD713537</string>
				<string>8A2BB758716E0BF9BB642060</string>
				<string>B5F779798219FE48640E4417</string>
				<string>ED500E325F7B9632608A2B23</string>
				<string>78DA13DB4BC118F721B63F71</string>
			</array>
			<key>isa</key>
			<string>PBXGroup</string>
			<key>path</key>
			<string>IDE-Frameworks</string>
			<key>sourceTree</key>
			<string>&lt;group&gt;</string>
		</dict>
		<key>B5F779798219FE48640E4417</key>
		<dict>
			<key>fileEncoding</key>
			<string>4</string>
			<key>isa</key>
			<string>PBXFileReference</string>
			<key>lastKnownFileType</key>
			<string>archive.ar</string>
			<key>name</key>
			<string>libstdc++.tbd</string>
			<key>path</key>
			<string>usr/lib/libstdc++.tbd</string>
			<key>sourceTree</key>
			<string>SDKROOT</string>
		</dict>
		<key>C445CF3D819F3C546A83A9C4</key>
		<dict>
			<key>fileEncoding</key>
			<string>4</string>
			<key>isa</key>
			<string>PBXFileReference</string>
			<key>lastKnownFileType</key>
			<string>wrapper.framework</string>
			<key>name</key>
			<string>SystemConfiguration.framework</string>
			<key>path</key>
			<string>System/Library/Frameworks/SystemConfiguration.framework</string>
			<key>sourceTree</key>
			<string>SDKROOT</string>
		</dict>
		<key>D522C41FAA01D097363E0294</key>
		<dict>
			<key>fileEncoding</key>
			<string>4</string>
			<key>isa</key>
			<string>PBXFileReference</string>
			<key>lastKnownFileType</key>
			<string>wrapper.framework</string>
			<key>name</key>
			<string>CFNetWork.framework</string>
			<key>path</key>
			<string>System/Library/Frameworks/CFNetWork.framework</string>
			<key>sourceTree</key>
			<string>SDKROOT</string>
		</dict>
		<key>D75F5EAE1C6046B600F480FA</key>
		<dict>
			<key>fileEncoding</key>
			<string>4</string>
			<key>isa</key>
			<string>PBXFileReference</string>
			<key>lastKnownFileType</key>
			<string>sourcecode.c.h</string>
			<key>path</key>
			<string>CameraUtility.h</string>
			<key>sourceTree</key>
			<string>&lt;group&gt;</string>
		</dict>
		<key>D75F5EAF1C6046B600F480FA</key>
		<dict>
			<key>fileEncoding</key>
			<string>4</string>
			<key>isa</key>
			<string>PBXFileReference</string>
			<key>lastKnownFileType</key>
			<string>sourcecode.c.objc</string>
			<key>path</key>
			<string>CameraUtility.m</string>
			<key>sourceTree</key>
			<string>&lt;group&gt;</string>
		</dict>
		<key>D75F5EB01C6046B600F480FA</key>
		<dict>
			<key>fileRef</key>
			<string>D75F5EAF1C6046B600F480FA</string>
			<key>isa</key>
			<string>PBXBuildFile</string>
		</dict>
		<key>D75F5EC01C604CE500F480FA</key>
		<dict>
			<key>children</key>
			<array>
				<string>D75F5EC11C604CE500F480FA</string>
				<string>D75F5ECE1C604CE500F480FA</string>
				<string>D75F5ECA1C604CE500F480FA</string>
				<string>D75F5EDA1C604CE500F480FA</string>
			</array>
			<key>isa</key>
			<string>PBXGroup</string>
			<key>path</key>
			<string>sourceCode</string>
			<key>sourceTree</key>
			<string>&lt;group&gt;</string>
		</dict>
		<key>D75F5EC11C604CE500F480FA</key>
		<dict>
			<key>children</key>
			<array>
				<string>D75F5EC21C604CE500F480FA</string>
				<string>D75F5EC31C604CE500F480FA</string>
				<string>D75F5EC41C604CE500F480FA</string>
				<string>D75F5EC51C604CE500F480FA</string>
				<string>D75F5EC61C604CE500F480FA</string>
				<string>D75F5EC71C604CE500F480FA</string>
				<string>D75F5EC81C604CE500F480FA</string>
				<string>D75F5EC91C604CE500F480FA</string>
			</array>
			<key>isa</key>
			<string>PBXGroup</string>
			<key>path</key>
			<string>CameraCaptureCamera</string>
			<key>sourceTree</key>
			<string>&lt;group&gt;</string>
		</dict>
		<key>D75F5EC21C604CE500F480FA</key>
		<dict>
			<key>fileEncoding</key>
			<string>4</string>
			<key>isa</key>
			<string>PBXFileReference</string>
			<key>lastKnownFileType</key>
			<string>sourcecode.c.h</string>
			<key>path</key>
			<string>CameraCaptureCamera.h</string>
			<key>sourceTree</key>
			<string>&lt;group&gt;</string>
		</dict>
		<key>D75F5EC31C604CE500F480FA</key>
		<dict>
			<key>fileEncoding</key>
			<string>4</string>
			<key>isa</key>
			<string>PBXFileReference</string>
			<key>lastKnownFileType</key>
			<string>sourcecode.c.objc</string>
			<key>path</key>
			<string>CameraCaptureCamera.m</string>
			<key>sourceTree</key>
			<string>&lt;group&gt;</string>
		</dict>
		<key>D75F5EC41C604CE500F480FA</key>
		<dict>
			<key>fileEncoding</key>
			<string>4</string>
			<key>isa</key>
			<string>PBXFileReference</string>
			<key>lastKnownFileType</key>
			<string>sourcecode.c.h</string>
			<key>path</key>
			<string>CameraCaptureSessionManager.h</string>
			<key>sourceTree</key>
			<string>&lt;group&gt;</string>
		</dict>
		<key>D75F5EC51C604CE500F480FA</key>
		<dict>
			<key>fileEncoding</key>
			<string>4</string>
			<key>isa</key>
			<string>PBXFileReference</string>
			<key>lastKnownFileType</key>
			<string>sourcecode.c.objc</string>
			<key>path</key>
			<string>CameraCaptureSessionManager.m</string>
			<key>sourceTree</key>
			<string>&lt;group&gt;</string>
		</dict>
		<key>D75F5EC61C604CE500F480FA</key>
		<dict>
			<key>fileEncoding</key>
			<string>4</string>
			<key>isa</key>
			<string>PBXFileReference</string>
			<key>lastKnownFileType</key>
			<string>sourcecode.c.h</string>
			<key>path</key>
			<string>CameraSlider.h</string>
			<key>sourceTree</key>
			<string>&lt;group&gt;</string>
		</dict>
		<key>D75F5EC71C604CE500F480FA</key>
		<dict>
			<key>fileEncoding</key>
			<string>4</string>
			<key>isa</key>
			<string>PBXFileReference</string>
			<key>lastKnownFileType</key>
			<string>sourcecode.c.objc</string>
			<key>path</key>
			<string>CameraSlider.m</string>
			<key>sourceTree</key>
			<string>&lt;group&gt;</string>
		</dict>
		<key>D75F5EC81C604CE500F480FA</key>
		<dict>
			<key>fileEncoding</key>
			<string>4</string>
			<key>isa</key>
			<string>PBXFileReference</string>
			<key>lastKnownFileType</key>
			<string>sourcecode.c.h</string>
			<key>path</key>
			<string>UIImage+CameraResize.h</string>
			<key>sourceTree</key>
			<string>&lt;group&gt;</string>
		</dict>
		<key>D75F5EC91C604CE500F480FA</key>
		<dict>
			<key>fileEncoding</key>
			<string>4</string>
			<key>isa</key>
			<string>PBXFileReference</string>
			<key>lastKnownFileType</key>
			<string>sourcecode.c.objc</string>
			<key>path</key>
			<string>UIImage+CameraResize.m</string>
			<key>sourceTree</key>
			<string>&lt;group&gt;</string>
		</dict>
		<key>D75F5ECA1C604CE500F480FA</key>
		<dict>
			<key>children</key>
			<array>
				<string>D77673FE1CBCC52B00D51CF2</string>
				<string>D77673FF1CBCC52B00D51CF2</string>
				<string>D75F5ECB1C604CE500F480FA</string>
				<string>D75F5ECC1C604CE500F480FA</string>
				<string>D75F5ED11C604CE500F480FA</string>
				<string>D75F5ECD1C604CE500F480FA</string>
			</array>
			<key>isa</key>
			<string>PBXGroup</string>
			<key>path</key>
			<string>CameraCommon</string>
			<key>sourceTree</key>
			<string>&lt;group&gt;</string>
		</dict>
		<key>D75F5ECB1C604CE500F480FA</key>
		<dict>
			<key>fileEncoding</key>
			<string>4</string>
			<key>isa</key>
			<string>PBXFileReference</string>
			<key>lastKnownFileType</key>
			<string>sourcecode.c.h</string>
			<key>path</key>
			<string>CameraCommon.h</string>
			<key>sourceTree</key>
			<string>&lt;group&gt;</string>
		</dict>
		<key>D75F5ECC1C604CE500F480FA</key>
		<dict>
			<key>fileEncoding</key>
			<string>4</string>
			<key>isa</key>
			<string>PBXFileReference</string>
			<key>lastKnownFileType</key>
			<string>sourcecode.c.objc</string>
			<key>path</key>
			<string>CameraCommon.m</string>
			<key>sourceTree</key>
			<string>&lt;group&gt;</string>
		</dict>
		<key>D75F5ECD1C604CE500F480FA</key>
		<dict>
			<key>fileEncoding</key>
			<string>4</string>
			<key>isa</key>
			<string>PBXFileReference</string>
			<key>lastKnownFileType</key>
			<string>sourcecode.c.h</string>
			<key>path</key>
			<string>CameraDefines.h</string>
			<key>sourceTree</key>
			<string>&lt;group&gt;</string>
		</dict>
		<key>D75F5ECE1C604CE500F480FA</key>
		<dict>
			<key>children</key>
			<array>
				<string>D75F5ECF1C604CE500F480FA</string>
				<string>D75F5ED01C604CE500F480FA</string>
			</array>
			<key>isa</key>
			<string>PBXGroup</string>
			<key>path</key>
			<string>CameraPickerController</string>
			<key>sourceTree</key>
			<string>&lt;group&gt;</string>
		</dict>
		<key>D75F5ECF1C604CE500F480FA</key>
		<dict>
			<key>fileEncoding</key>
			<string>4</string>
			<key>isa</key>
			<string>PBXFileReference</string>
			<key>lastKnownFileType</key>
			<string>sourcecode.c.h</string>
			<key>path</key>
			<string>CameraPickerController.h</string>
			<key>sourceTree</key>
			<string>&lt;group&gt;</string>
		</dict>
		<key>D75F5ED01C604CE500F480FA</key>
		<dict>
			<key>fileEncoding</key>
			<string>4</string>
			<key>isa</key>
			<string>PBXFileReference</string>
			<key>lastKnownFileType</key>
			<string>sourcecode.c.objc</string>
			<key>path</key>
			<string>CameraPickerController.m</string>
			<key>sourceTree</key>
			<string>&lt;group&gt;</string>
		</dict>
		<key>D75F5ED11C604CE500F480FA</key>
		<dict>
			<key>children</key>
			<array>
				<string>D75F5ED21C604CE500F480FA</string>
				<string>D75F5ED31C604CE500F480FA</string>
				<string>D75F5ED41C604CE500F480FA</string>
				<string>D75F5ED51C604CE500F480FA</string>
				<string>D75F5ED61C604CE500F480FA</string>
				<string>D75F5ED71C604CE500F480FA</string>
				<string>D75F5ED81C604CE500F480FA</string>
				<string>D75F5ED91C604CE500F480FA</string>
			</array>
			<key>isa</key>
			<string>PBXGroup</string>
			<key>name</key>
			<string>JSON</string>
			<key>path</key>
			<string>../JSON</string>
			<key>sourceTree</key>
			<string>&lt;group&gt;</string>
		</dict>
		<key>D75F5ED21C604CE500F480FA</key>
		<dict>
			<key>fileEncoding</key>
			<string>4</string>
			<key>isa</key>
			<string>PBXFileReference</string>
			<key>lastKnownFileType</key>
			<string>sourcecode.c.h</string>
			<key>path</key>
			<string>JSON.h</string>
			<key>sourceTree</key>
			<string>&lt;group&gt;</string>
		</dict>
		<key>D75F5ED31C604CE500F480FA</key>
		<dict>
			<key>fileEncoding</key>
			<string>4</string>
			<key>isa</key>
			<string>PBXFileReference</string>
			<key>lastKnownFileType</key>
			<string>sourcecode.c.h</string>
			<key>path</key>
			<string>JSONParser.h</string>
			<key>sourceTree</key>
			<string>&lt;group&gt;</string>
		</dict>
		<key>D75F5ED41C604CE500F480FA</key>
		<dict>
			<key>fileEncoding</key>
			<string>4</string>
			<key>isa</key>
			<string>PBXFileReference</string>
			<key>lastKnownFileType</key>
			<string>sourcecode.c.h</string>
			<key>path</key>
			<string>NSObject+SBJSON.h</string>
			<key>sourceTree</key>
			<string>&lt;group&gt;</string>
		</dict>
		<key>D75F5ED51C604CE500F480FA</key>
		<dict>
			<key>fileEncoding</key>
			<string>4</string>
			<key>isa</key>
			<string>PBXFileReference</string>
			<key>lastKnownFileType</key>
			<string>sourcecode.c.h</string>
			<key>path</key>
			<string>NSString+SBJSON.h</string>
			<key>sourceTree</key>
			<string>&lt;group&gt;</string>
		</dict>
		<key>D75F5ED61C604CE500F480FA</key>
		<dict>
			<key>fileEncoding</key>
			<string>4</string>
			<key>isa</key>
			<string>PBXFileReference</string>
			<key>lastKnownFileType</key>
			<string>sourcecode.c.h</string>
			<key>path</key>
			<string>SBJSON.h</string>
			<key>sourceTree</key>
			<string>&lt;group&gt;</string>
		</dict>
		<key>D75F5ED71C604CE500F480FA</key>
		<dict>
			<key>fileEncoding</key>
			<string>4</string>
			<key>isa</key>
			<string>PBXFileReference</string>
			<key>lastKnownFileType</key>
			<string>sourcecode.c.h</string>
			<key>path</key>
			<string>SBJsonBase.h</string>
			<key>sourceTree</key>
			<string>&lt;group&gt;</string>
		</dict>
		<key>D75F5ED81C604CE500F480FA</key>
		<dict>
			<key>fileEncoding</key>
			<string>4</string>
			<key>isa</key>
			<string>PBXFileReference</string>
			<key>lastKnownFileType</key>
			<string>sourcecode.c.h</string>
			<key>path</key>
			<string>SBJsonParser.h</string>
			<key>sourceTree</key>
			<string>&lt;group&gt;</string>
		</dict>
		<key>D75F5ED91C604CE500F480FA</key>
		<dict>
			<key>fileEncoding</key>
			<string>4</string>
			<key>isa</key>
			<string>PBXFileReference</string>
			<key>lastKnownFileType</key>
			<string>sourcecode.c.h</string>
			<key>path</key>
			<string>SBJsonWriter.h</string>
			<key>sourceTree</key>
			<string>&lt;group&gt;</string>
		</dict>
		<key>D75F5EDA1C604CE500F480FA</key>
		<dict>
			<key>children</key>
			<array>
				<string>D75F5EDB1C604CE500F480FA</string>
				<string>D75F5EDC1C604CE500F480FA</string>
			</array>
			<key>isa</key>
			<string>PBXGroup</string>
			<key>path</key>
			<string>Post</string>
			<key>sourceTree</key>
			<string>&lt;group&gt;</string>
		</dict>
		<key>D75F5EDB1C604CE500F480FA</key>
		<dict>
			<key>fileEncoding</key>
			<string>4</string>
			<key>isa</key>
			<string>PBXFileReference</string>
			<key>lastKnownFileType</key>
			<string>sourcecode.c.h</string>
			<key>path</key>
			<string>CameraPostViewController.h</string>
			<key>sourceTree</key>
			<string>&lt;group&gt;</string>
		</dict>
		<key>D75F5EDC1C604CE500F480FA</key>
		<dict>
			<key>fileEncoding</key>
			<string>4</string>
			<key>isa</key>
			<string>PBXFileReference</string>
			<key>lastKnownFileType</key>
			<string>sourcecode.c.objc</string>
			<key>path</key>
			<string>CameraPostViewController.m</string>
			<key>sourceTree</key>
			<string>&lt;group&gt;</string>
		</dict>
		<key>D75F5EDD1C604CE500F480FA</key>
		<dict>
			<key>fileRef</key>
			<string>D75F5EC31C604CE500F480FA</string>
			<key>isa</key>
			<string>PBXBuildFile</string>
		</dict>
		<key>D75F5EDE1C604CE500F480FA</key>
		<dict>
			<key>fileRef</key>
			<string>D75F5EC51C604CE500F480FA</string>
			<key>isa</key>
			<string>PBXBuildFile</string>
		</dict>
		<key>D75F5EDF1C604CE500F480FA</key>
		<dict>
			<key>fileRef</key>
			<string>D75F5EC71C604CE500F480FA</string>
			<key>isa</key>
			<string>PBXBuildFile</string>
		</dict>
		<key>D75F5EE01C604CE500F480FA</key>
		<dict>
			<key>fileRef</key>
			<string>D75F5EC91C604CE500F480FA</string>
			<key>isa</key>
			<string>PBXBuildFile</string>
		</dict>
		<key>D75F5EE11C604CE500F480FA</key>
		<dict>
			<key>fileRef</key>
			<string>D75F5ECC1C604CE500F480FA</string>
			<key>isa</key>
			<string>PBXBuildFile</string>
		</dict>
		<key>D75F5EE21C604CE500F480FA</key>
		<dict>
			<key>fileRef</key>
			<string>D75F5ED01C604CE500F480FA</string>
			<key>isa</key>
			<string>PBXBuildFile</string>
		</dict>
		<key>D75F5EE31C604CE500F480FA</key>
		<dict>
			<key>fileRef</key>
			<string>D75F5EDC1C604CE500F480FA</string>
			<key>isa</key>
			<string>PBXBuildFile</string>
		</dict>
		<key>D77673CC1CBCA96700D51CF2</key>
		<dict>
			<key>buildActionMask</key>
			<string>2147483647</string>
			<key>files</key>
			<array/>
			<key>isa</key>
			<string>PBXSourcesBuildPhase</string>
			<key>runOnlyForDeploymentPostprocessing</key>
			<string>0</string>
		</dict>
		<key>D77673CD1CBCA96700D51CF2</key>
		<dict>
			<key>buildActionMask</key>
			<string>2147483647</string>
			<key>files</key>
			<array/>
			<key>isa</key>
			<string>PBXFrameworksBuildPhase</string>
			<key>runOnlyForDeploymentPostprocessing</key>
			<string>0</string>
		</dict>
		<key>D77673CE1CBCA96700D51CF2</key>
		<dict>
			<key>buildActionMask</key>
			<string>2147483647</string>
			<key>files</key>
			<array>
				<string>D77673EE1CBCAA4500D51CF2</string>
				<string>D77673EA1CBCAA4500D51CF2</string>
				<string>D77673F01CBCAA4500D51CF2</string>
				<string>D77673F71CBCAA4500D51CF2</string>
				<string>D77673ED1CBCAA4500D51CF2</string>
				<string>D77673EC1CBCAA4500D51CF2</string>
				<string>D77673F21CBCAA4500D51CF2</string>
				<string>D77673F41CBCAA4500D51CF2</string>
				<string>D77673EB1CBCAA4500D51CF2</string>
				<string>D77673F11CBCAA4500D51CF2</string>
				<string>D77673E91CBCAA4500D51CF2</string>
				<string>D77673EF1CBCAA4500D51CF2</string>
				<string>D77673F61CBCAA4500D51CF2</string>
				<string>D77673FA1CBCAB0400D51CF2</string>
				<string>D77673F51CBCAA4500D51CF2</string>
				<string>D77673F31CBCAA4500D51CF2</string>
			</array>
			<key>isa</key>
			<string>PBXResourcesBuildPhase</string>
			<key>runOnlyForDeploymentPostprocessing</key>
			<string>0</string>
		</dict>
		<key>D77673CF1CBCA96700D51CF2</key>
		<dict>
			<key>buildConfigurationList</key>
			<string>D77673D51CBCA96700D51CF2</string>
			<key>buildPhases</key>
			<array>
				<string>D77673CC1CBCA96700D51CF2</string>
				<string>D77673CD1CBCA96700D51CF2</string>
				<string>D77673CE1CBCA96700D51CF2</string>
			</array>
			<key>buildRules</key>
			<array/>
			<key>dependencies</key>
			<array/>
			<key>isa</key>
			<string>PBXNativeTarget</string>
			<key>name</key>
			<string>uexCameraBundle</string>
			<key>productName</key>
			<string>uexCameraBundle</string>
			<key>productReference</key>
			<string>D77673D01CBCA96700D51CF2</string>
			<key>productType</key>
			<string>com.apple.product-type.bundle</string>
		</dict>
		<key>D77673D01CBCA96700D51CF2</key>
		<dict>
			<key>explicitFileType</key>
			<string>wrapper.cfbundle</string>
			<key>includeInIndex</key>
			<string>0</string>
			<key>isa</key>
			<string>PBXFileReference</string>
			<key>path</key>
			<string>uexCamera.bundle</string>
			<key>sourceTree</key>
			<string>BUILT_PRODUCTS_DIR</string>
		</dict>
		<key>D77673D11CBCA96700D51CF2</key>
		<dict>
			<key>children</key>
			<array>
				<string>D77673DA1CBCAA4500D51CF2</string>
				<string>D77673DB1CBCAA4500D51CF2</string>
				<string>D77673DC1CBCAA4500D51CF2</string>
				<string>D77673DD1CBCAA4500D51CF2</string>
				<string>D77673DE1CBCAA4500D51CF2</string>
				<string>D77673DF1CBCAA4500D51CF2</string>
				<string>D77673E01CBCAA4500D51CF2</string>
				<string>D77673E11CBCAA4500D51CF2</string>
				<string>D77673E21CBCAA4500D51CF2</string>
				<string>D77673E31CBCAA4500D51CF2</string>
				<string>D77673E41CBCAA4500D51CF2</string>
				<string>D77673E51CBCAA4500D51CF2</string>
				<string>D77673E61CBCAA4500D51CF2</string>
				<string>D77673E71CBCAA4500D51CF2</string>
				<string>D77673E81CBCAA4500D51CF2</string>
				<string>D77673FC1CBCAB0400D51CF2</string>
			</array>
			<key>isa</key>
			<string>PBXGroup</string>
			<key>path</key>
			<string>uexCameraBundle</string>
			<key>sourceTree</key>
			<string>&lt;group&gt;</string>
		</dict>
		<key>D77673D31CBCA96700D51CF2</key>
		<dict>
			<key>buildSettings</key>
			<dict>
				<key>CLANG_ANALYZER_NONNULL</key>
				<string>YES</string>
				<key>CLANG_ENABLE_OBJC_ARC</key>
				<string>YES</string>
				<key>CLANG_WARN_UNREACHABLE_CODE</key>
				<string>YES</string>
				<key>CODE_SIGN_IDENTITY</key>
				<string>-</string>
				<key>COMBINE_HIDPI_IMAGES</key>
				<string>No</string>
				<key>CONFIGURATION_BUILD_DIR</key>
				<string>$SRCROOT/uexCamera</string>
				<key>DEBUG_INFORMATION_FORMAT</key>
				<string>dwarf</string>
				<key>ENABLE_STRICT_OBJC_MSGSEND</key>
				<string>YES</string>
				<key>ENABLE_TESTABILITY</key>
				<string>YES</string>
				<key>GCC_NO_COMMON_BLOCKS</key>
				<string>YES</string>
				<key>GCC_WARN_UNINITIALIZED_AUTOS</key>
				<string>YES_AGGRESSIVE</string>
				<key>INFOPLIST_FILE</key>
				<string></string>
				<key>INSTALL_PATH</key>
				<string>$(LOCAL_LIBRARY_DIR)/Bundles</string>
				<key>MACOSX_DEPLOYMENT_TARGET</key>
				<string>10.11</string>
				<key>MTL_ENABLE_DEBUG_INFO</key>
				<string>YES</string>
				<key>PRODUCT_BUNDLE_IDENTIFIER</key>
				<string>com.zywx.uexCameraBundle</string>
				<key>PRODUCT_MODULE_NAME</key>
				<string>uexCamera</string>
				<key>PRODUCT_NAME</key>
				<string>uexCamera</string>
				<key>SDKROOT</key>
				<string>iphoneos</string>
				<key>SKIP_INSTALL</key>
				<string>YES</string>
				<key>WRAPPER_EXTENSION</key>
				<string>bundle</string>
			</dict>
			<key>isa</key>
			<string>XCBuildConfiguration</string>
			<key>name</key>
			<string>Debug</string>
		</dict>
		<key>D77673D41CBCA96700D51CF2</key>
		<dict>
			<key>buildSettings</key>
			<dict>
				<key>CLANG_ANALYZER_NONNULL</key>
				<string>YES</string>
				<key>CLANG_ENABLE_OBJC_ARC</key>
				<string>YES</string>
				<key>CLANG_WARN_UNREACHABLE_CODE</key>
				<string>YES</string>
				<key>CODE_SIGN_IDENTITY</key>
				<string>-</string>
				<key>COMBINE_HIDPI_IMAGES</key>
				<string>No</string>
				<key>CONFIGURATION_BUILD_DIR</key>
				<string>$SRCROOT/uexCamera</string>
				<key>COPY_PHASE_STRIP</key>
				<string>NO</string>
				<key>DEBUG_INFORMATION_FORMAT</key>
				<string>dwarf-with-dsym</string>
				<key>ENABLE_STRICT_OBJC_MSGSEND</key>
				<string>YES</string>
				<key>GCC_NO_COMMON_BLOCKS</key>
				<string>YES</string>
				<key>GCC_WARN_UNINITIALIZED_AUTOS</key>
				<string>YES_AGGRESSIVE</string>
				<key>INFOPLIST_FILE</key>
				<string></string>
				<key>INSTALL_PATH</key>
				<string>$(LOCAL_LIBRARY_DIR)/Bundles</string>
				<key>MACOSX_DEPLOYMENT_TARGET</key>
				<string>10.11</string>
				<key>MTL_ENABLE_DEBUG_INFO</key>
				<string>NO</string>
				<key>PRODUCT_BUNDLE_IDENTIFIER</key>
				<string>com.zywx.uexCameraBundle</string>
				<key>PRODUCT_MODULE_NAME</key>
				<string>uexCamera</string>
				<key>PRODUCT_NAME</key>
				<string>uexCamera</string>
				<key>SDKROOT</key>
				<string>iphoneos</string>
				<key>SKIP_INSTALL</key>
				<string>YES</string>
				<key>WRAPPER_EXTENSION</key>
				<string>bundle</string>
			</dict>
			<key>isa</key>
			<string>XCBuildConfiguration</string>
			<key>name</key>
			<string>Release</string>
		</dict>
		<key>D77673D51CBCA96700D51CF2</key>
		<dict>
			<key>buildConfigurations</key>
			<array>
				<string>D77673D31CBCA96700D51CF2</string>
				<string>D77673D41CBCA96700D51CF2</string>
			</array>
			<key>defaultConfigurationIsVisible</key>
			<string>0</string>
			<key>defaultConfigurationName</key>
			<string>Release</string>
			<key>isa</key>
			<string>XCConfigurationList</string>
		</dict>
		<key>D77673D81CBCAA0D00D51CF2</key>
		<dict>
			<key>containerPortal</key>
			<string>5AA8D53F188F9DBB00C854BC</string>
			<key>isa</key>
			<string>PBXContainerItemProxy</string>
			<key>proxyType</key>
			<string>1</string>
			<key>remoteGlobalIDString</key>
			<string>D77673CF1CBCA96700D51CF2</string>
			<key>remoteInfo</key>
			<string>uexCameraBundle</string>
		</dict>
		<key>D77673D91CBCAA0D00D51CF2</key>
		<dict>
			<key>isa</key>
			<string>PBXTargetDependency</string>
			<key>target</key>
			<string>D77673CF1CBCA96700D51CF2</string>
			<key>targetProxy</key>
			<string>D77673D81CBCAA0D00D51CF2</string>
		</dict>
		<key>D77673DA1CBCAA4500D51CF2</key>
		<dict>
			<key>isa</key>
			<string>PBXFileReference</string>
			<key>lastKnownFileType</key>
			<string>image.png</string>
			<key>path</key>
			<string>Default.png</string>
			<key>sourceTree</key>
			<string>&lt;group&gt;</string>
		</dict>
		<key>D77673DB1CBCAA4500D51CF2</key>
		<dict>
			<key>isa</key>
			<string>PBXFileReference</string>
			<key>lastKnownFileType</key>
			<string>image.png</string>
			<key>path</key>
			<string>flashing_auto.png</string>
			<key>sourceTree</key>
			<string>&lt;group&gt;</string>
		</dict>
		<key>D77673DC1CBCAA4500D51CF2</key>
		<dict>
			<key>isa</key>
			<string>PBXFileReference</string>
			<key>lastKnownFileType</key>
			<string>image.png</string>
			<key>path</key>
			<string>flashing_auto@2x.png</string>
			<key>sourceTree</key>
			<string>&lt;group&gt;</string>
		</dict>
		<key>D77673DD1CBCAA4500D51CF2</key>
		<dict>
			<key>isa</key>
			<string>PBXFileReference</string>
			<key>lastKnownFileType</key>
			<string>image.png</string>
			<key>path</key>
			<string>flashing_off.png</string>
			<key>sourceTree</key>
			<string>&lt;group&gt;</string>
		</dict>
		<key>D77673DE1CBCAA4500D51CF2</key>
		<dict>
			<key>isa</key>
			<string>PBXFileReference</string>
			<key>lastKnownFileType</key>
			<string>image.png</string>
			<key>path</key>
			<string>flashing_off@2x.png</string>
			<key>sourceTree</key>
			<string>&lt;group&gt;</string>
		</dict>
		<key>D77673DF1CBCAA4500D51CF2</key>
		<dict>
			<key>isa</key>
			<string>PBXFileReference</string>
			<key>lastKnownFileType</key>
			<string>image.png</string>
			<key>path</key>
			<string>flashing_on.png</string>
			<key>sourceTree</key>
			<string>&lt;group&gt;</string>
		</dict>
		<key>D77673E01CBCAA4500D51CF2</key>
		<dict>
			<key>isa</key>
			<string>PBXFileReference</string>
			<key>lastKnownFileType</key>
			<string>image.png</string>
			<key>path</key>
			<string>flashing_on@2x.png</string>
			<key>sourceTree</key>
			<string>&lt;group&gt;</string>
		</dict>
		<key>D77673E11CBCAA4500D51CF2</key>
		<dict>
			<key>isa</key>
			<string>PBXFileReference</string>
			<key>lastKnownFileType</key>
			<string>image.png</string>
			<key>path</key>
			<string>plugin_camera_bt_takepic_normal.png</string>
			<key>sourceTree</key>
			<string>&lt;group&gt;</string>
		</dict>
		<key>D77673E21CBCAA4500D51CF2</key>
		<dict>
			<key>isa</key>
			<string>PBXFileReference</string>
			<key>lastKnownFileType</key>
			<string>image.png</string>
			<key>path</key>
			<string>plugin_camera_bt_takepic_on.png</string>
			<key>sourceTree</key>
			<string>&lt;group&gt;</string>
		</dict>
		<key>D77673E31CBCAA4500D51CF2</key>
		<dict>
			<key>isa</key>
			<string>PBXFileReference</string>
			<key>lastKnownFileType</key>
			<string>image.png</string>
			<key>path</key>
			<string>switch_camera_h.png</string>
			<key>sourceTree</key>
			<string>&lt;group&gt;</string>
		</dict>
		<key>D77673E41CBCAA4500D51CF2</key>
		<dict>
			<key>isa</key>
			<string>PBXFileReference</string>
			<key>lastKnownFileType</key>
			<string>image.png</string>
			<key>path</key>
			<string>switch_camera_h@2x.png</string>
			<key>sourceTree</key>
			<string>&lt;group&gt;</string>
		</dict>
		<key>D77673E51CBCAA4500D51CF2</key>
		<dict>
			<key>isa</key>
			<string>PBXFileReference</string>
			<key>lastKnownFileType</key>
			<string>image.png</string>
			<key>path</key>
			<string>switch_camera.png</string>
			<key>sourceTree</key>
			<string>&lt;group&gt;</string>
		</dict>
		<key>D77673E61CBCAA4500D51CF2</key>
		<dict>
			<key>isa</key>
			<string>PBXFileReference</string>
			<key>lastKnownFileType</key>
			<string>image.png</string>
			<key>path</key>
			<string>switch_camera@2x.png</string>
			<key>sourceTree</key>
			<string>&lt;group&gt;</string>
		</dict>
		<key>D77673E71CBCAA4500D51CF2</key>
		<dict>
			<key>isa</key>
			<string>PBXFileReference</string>
			<key>lastKnownFileType</key>
			<string>image.png</string>
			<key>path</key>
			<string>touch_focus_x.png</string>
			<key>sourceTree</key>
			<string>&lt;group&gt;</string>
		</dict>
		<key>D77673E81CBCAA4500D51CF2</key>
		<dict>
			<key>isa</key>
			<string>PBXFileReference</string>
			<key>lastKnownFileType</key>
			<string>image.png</string>
			<key>path</key>
			<string>touch_focus_x@2x.png</string>
			<key>sourceTree</key>
			<string>&lt;group&gt;</string>
		</dict>
		<key>D77673E91CBCAA4500D51CF2</key>
		<dict>
			<key>fileRef</key>
			<string>D77673DA1CBCAA4500D51CF2</string>
			<key>isa</key>
			<string>PBXBuildFile</string>
		</dict>
		<key>D77673EA1CBCAA4500D51CF2</key>
		<dict>
			<key>fileRef</key>
			<string>D77673DB1CBCAA4500D51CF2</string>
			<key>isa</key>
			<string>PBXBuildFile</string>
		</dict>
		<key>D77673EB1CBCAA4500D51CF2</key>
		<dict>
			<key>fileRef</key>
			<string>D77673DC1CBCAA4500D51CF2</string>
			<key>isa</key>
			<string>PBXBuildFile</string>
		</dict>
		<key>D77673EC1CBCAA4500D51CF2</key>
		<dict>
			<key>fileRef</key>
			<string>D77673DD1CBCAA4500D51CF2</string>
			<key>isa</key>
			<string>PBXBuildFile</string>
		</dict>
		<key>D77673ED1CBCAA4500D51CF2</key>
		<dict>
			<key>fileRef</key>
			<string>D77673DE1CBCAA4500D51CF2</string>
			<key>isa</key>
			<string>PBXBuildFile</string>
		</dict>
		<key>D77673EE1CBCAA4500D51CF2</key>
		<dict>
			<key>fileRef</key>
			<string>D77673DF1CBCAA4500D51CF2</string>
			<key>isa</key>
			<string>PBXBuildFile</string>
		</dict>
		<key>D77673EF1CBCAA4500D51CF2</key>
		<dict>
			<key>fileRef</key>
			<string>D77673E01CBCAA4500D51CF2</string>
			<key>isa</key>
			<string>PBXBuildFile</string>
		</dict>
		<key>D77673F01CBCAA4500D51CF2</key>
		<dict>
			<key>fileRef</key>
			<string>D77673E11CBCAA4500D51CF2</string>
			<key>isa</key>
			<string>PBXBuildFile</string>
		</dict>
		<key>D77673F11CBCAA4500D51CF2</key>
		<dict>
			<key>fileRef</key>
			<string>D77673E21CBCAA4500D51CF2</string>
			<key>isa</key>
			<string>PBXBuildFile</string>
		</dict>
		<key>D77673F21CBCAA4500D51CF2</key>
		<dict>
			<key>fileRef</key>
			<string>D77673E31CBCAA4500D51CF2</string>
			<key>isa</key>
			<string>PBXBuildFile</string>
		</dict>
		<key>D77673F31CBCAA4500D51CF2</key>
		<dict>
			<key>fileRef</key>
			<string>D77673E41CBCAA4500D51CF2</string>
			<key>isa</key>
			<string>PBXBuildFile</string>
		</dict>
		<key>D77673F41CBCAA4500D51CF2</key>
		<dict>
			<key>fileRef</key>
			<string>D77673E51CBCAA4500D51CF2</string>
			<key>isa</key>
			<string>PBXBuildFile</string>
		</dict>
		<key>D77673F51CBCAA4500D51CF2</key>
		<dict>
			<key>fileRef</key>
			<string>D77673E61CBCAA4500D51CF2</string>
			<key>isa</key>
			<string>PBXBuildFile</string>
		</dict>
		<key>D77673F61CBCAA4500D51CF2</key>
		<dict>
			<key>fileRef</key>
			<string>D77673E71CBCAA4500D51CF2</string>
			<key>isa</key>
			<string>PBXBuildFile</string>
		</dict>
		<key>D77673F71CBCAA4500D51CF2</key>
		<dict>
			<key>fileRef</key>
			<string>D77673E81CBCAA4500D51CF2</string>
			<key>isa</key>
			<string>PBXBuildFile</string>
		</dict>
		<key>D77673FA1CBCAB0400D51CF2</key>
		<dict>
			<key>fileRef</key>
			<string>D77673FC1CBCAB0400D51CF2</string>
			<key>isa</key>
			<string>PBXBuildFile</string>
		</dict>
		<key>D77673FB1CBCAB0400D51CF2</key>
		<dict>
			<key>isa</key>
			<string>PBXFileReference</string>
			<key>lastKnownFileType</key>
			<string>text.plist.strings</string>
			<key>name</key>
			<string>en</string>
			<key>path</key>
			<string>en.lproj/Localizable.strings</string>
			<key>sourceTree</key>
			<string>&lt;group&gt;</string>
		</dict>
		<key>D77673FC1CBCAB0400D51CF2</key>
		<dict>
			<key>children</key>
			<array>
				<string>D77673FB1CBCAB0400D51CF2</string>
				<string>D77673FD1CBCAB3000D51CF2</string>
			</array>
			<key>isa</key>
			<string>PBXVariantGroup</string>
			<key>name</key>
			<string>Localizable.strings</string>
			<key>sourceTree</key>
			<string>&lt;group&gt;</string>
		</dict>
		<key>D77673FD1CBCAB3000D51CF2</key>
		<dict>
			<key>isa</key>
			<string>PBXFileReference</string>
			<key>lastKnownFileType</key>
			<string>text.plist.strings</string>
			<key>name</key>
			<string>zh-Hans</string>
			<key>path</key>
			<string>zh-Hans.lproj/Localizable.strings</string>
			<key>sourceTree</key>
			<string>&lt;group&gt;</string>
		</dict>
		<key>D77673FE1CBCC52B00D51CF2</key>
		<dict>
			<key>fileEncoding</key>
			<string>4</string>
			<key>isa</key>
			<string>PBXFileReference</string>
			<key>lastKnownFileType</key>
			<string>sourcecode.c.h</string>
			<key>path</key>
			<string>CameraInternationalization.h</string>
			<key>sourceTree</key>
			<string>&lt;group&gt;</string>
		</dict>
		<key>D77673FF1CBCC52B00D51CF2</key>
		<dict>
			<key>fileEncoding</key>
			<string>4</string>
			<key>isa</key>
			<string>PBXFileReference</string>
			<key>lastKnownFileType</key>
			<string>sourcecode.c.objc</string>
			<key>path</key>
			<string>CameraInternationalization.m</string>
			<key>sourceTree</key>
			<string>&lt;group&gt;</string>
		</dict>
		<key>D77674001CBCC52B00D51CF2</key>
		<dict>
			<key>fileRef</key>
			<string>D77673FF1CBCC52B00D51CF2</string>
			<key>isa</key>
			<string>PBXBuildFile</string>
		</dict>
		<key>DF6CBFCDC2286FAD213B39C3</key>
		<dict>
			<key>fileRef</key>
			<string>9E633B8560AFCBCBAD713537</string>
			<key>isa</key>
			<string>PBXBuildFile</string>
		</dict>
		<key>E2ED4EDCA82DA8A709025218</key>
		<dict>
			<key>fileRef</key>
			<string>9F2800B552067CDD1B76675A</string>
			<key>isa</key>
			<string>PBXBuildFile</string>
		</dict>
		<key>E9E281C5723C1D482A70C100</key>
		<dict>
			<key>fileEncoding</key>
			<string>4</string>
			<key>isa</key>
			<string>PBXFileReference</string>
			<key>lastKnownFileType</key>
			<string>wrapper.framework</string>
			<key>name</key>
			<string>MapKit.framework</string>
			<key>path</key>
			<string>System/Library/Frameworks/MapKit.framework</string>
			<key>sourceTree</key>
			<string>SDKROOT</string>
		</dict>
		<key>EC7AD9E8E48D63334DE60AE7</key>
		<dict>
			<key>fileRef</key>
			<string>78DA13DB4BC118F721B63F71</string>
			<key>isa</key>
			<string>PBXBuildFile</string>
		</dict>
		<key>ED500E325F7B9632608A2B23</key>
		<dict>
			<key>fileEncoding</key>
			<string>4</string>
			<key>isa</key>
			<string>PBXFileReference</string>
			<key>lastKnownFileType</key>
			<string>archive.ar</string>
			<key>name</key>
			<string>libsqlite3.tbd</string>
			<key>path</key>
			<string>usr/lib/libsqlite3.tbd</string>
			<key>sourceTree</key>
			<string>SDKROOT</string>
		</dict>
		<key>F9E401B6D9C70980EF44BD4C</key>
		<dict>
			<key>fileEncoding</key>
			<string>4</string>
			<key>isa</key>
			<string>PBXFileReference</string>
			<key>lastKnownFileType</key>
			<string>text.plist.strings</string>
			<key>name</key>
			<string>info.plist</string>
			<key>path</key>
			<string>../../../AppCanPluginTools-iOS/resource/IDEPluginProjectPackageResource/info.plist</string>
			<key>sourceTree</key>
			<string>&lt;group&gt;</string>
		</dict>
	</dict>
	<key>rootObject</key>
	<string>5AA8D53F188F9DBB00C854BC</string>
</dict>
</plist>
