// !$*UTF8*$!
{
	archiveVersion = 1;
	classes = {
	};
	objectVersion = 46;
	objects = {

/* Begin PBXBuildFile section */
		5AA8D54B188F9DBB00C854BC /* Foundation.framework in Frameworks */ = {isa = PBXBuildFile; fileRef = 5AA8D54A188F9DBB00C854BC /* Foundation.framework */; };
		5AA8D552188F9DBB00C854BC /* EUExCamera.m in Sources */ = {isa = PBXBuildFile; fileRef = 5AA8D551188F9DBB00C854BC /* EUExCamera.m */; };
		D75F5EB01C6046B600F480FA /* CameraUtility.m in Sources */ = {isa = PBXBuildFile; fileRef = D75F5EAF1C6046B600F480FA /* CameraUtility.m */; };
		D75F5EDD1C604CE500F480FA /* CameraCaptureCamera.m in Sources */ = {isa = PBXBuildFile; fileRef = D75F5EC31C604CE500F480FA /* CameraCaptureCamera.m */; };
		D75F5EDE1C604CE500F480FA /* CameraCaptureSessionManager.m in Sources */ = {isa = PBXBuildFile; fileRef = D75F5EC51C604CE500F480FA /* CameraCaptureSessionManager.m */; };
		D75F5EDF1C604CE500F480FA /* CameraSlider.m in Sources */ = {isa = PBXBuildFile; fileRef = D75F5EC71C604CE500F480FA /* CameraSlider.m */; };
		D75F5EE01C604CE500F480FA /* UIImage+CameraResize.m in Sources */ = {isa = PBXBuildFile; fileRef = D75F5EC91C604CE500F480FA /* UIImage+CameraResize.m */; };
		D75F5EE11C604CE500F480FA /* CameraCommon.m in Sources */ = {isa = PBXBuildFile; fileRef = D75F5ECC1C604CE500F480FA /* CameraCommon.m */; };
		D75F5EE21C604CE500F480FA /* CameraPickerController.m in Sources */ = {isa = PBXBuildFile; fileRef = D75F5ED01C604CE500F480FA /* CameraPickerController.m */; };
		D75F5EE31C604CE500F480FA /* CameraPostViewController.m in Sources */ = {isa = PBXBuildFile; fileRef = D75F5EDC1C604CE500F480FA /* CameraPostViewController.m */; };
		D7D411D61CB78561006B1662 /* Localizable.strings in Resources */ = {isa = PBXBuildFile; fileRef = D7D411D81CB78561006B1662 /* Localizable.strings */; };
		D7F79D5F1CB5EDCB009B040C /* CameraInternationalization.m in Sources */ = {isa = PBXBuildFile; fileRef = D7F79D5E1CB5EDCB009B040C /* CameraInternationalization.m */; };
		D7F79DB71CB60720009B040C /* Default.png in Resources */ = {isa = PBXBuildFile; fileRef = D7F79DA81CB60720009B040C /* Default.png */; };
		D7F79DB81CB60720009B040C /* flashing_auto.png in Resources */ = {isa = PBXBuildFile; fileRef = D7F79DA91CB60720009B040C /* flashing_auto.png */; };
		D7F79DBA1CB60720009B040C /* flashing_off.png in Resources */ = {isa = PBXBuildFile; fileRef = D7F79DAB1CB60720009B040C /* flashing_off.png */; };
		D7F79DBC1CB60720009B040C /* flashing_on.png in Resources */ = {isa = PBXBuildFile; fileRef = D7F79DAD1CB60720009B040C /* flashing_on.png */; };
		D7F79DBE1CB60720009B040C /* plugin_camera_bt_takepic_normal.png in Resources */ = {isa = PBXBuildFile; fileRef = D7F79DAF1CB60720009B040C /* plugin_camera_bt_takepic_normal.png */; };
		D7F79DBF1CB60720009B040C /* plugin_camera_bt_takepic_on.png in Resources */ = {isa = PBXBuildFile; fileRef = D7F79DB01CB60720009B040C /* plugin_camera_bt_takepic_on.png */; };
		D7F79DC01CB60720009B040C /* switch_camera_h.png in Resources */ = {isa = PBXBuildFile; fileRef = D7F79DB11CB60720009B040C /* switch_camera_h.png */; };
		D7F79DC21CB60720009B040C /* switch_camera.png in Resources */ = {isa = PBXBuildFile; fileRef = D7F79DB31CB60720009B040C /* switch_camera.png */; };
		D7F79DC41CB60720009B040C /* touch_focus_x.png in Resources */ = {isa = PBXBuildFile; fileRef = D7F79DB51CB60720009B040C /* touch_focus_x.png */; };
		D7F884C91CB633F900C506CF /* flashing_auto@2x.png in Resources */ = {isa = PBXBuildFile; fileRef = D7F884C31CB633F900C506CF /* flashing_auto@2x.png */; };
		D7F884CA1CB633F900C506CF /* flashing_off@2x.png in Resources */ = {isa = PBXBuildFile; fileRef = D7F884C41CB633F900C506CF /* flashing_off@2x.png */; };
		D7F884CB1CB633F900C506CF /* flashing_on@2x.png in Resources */ = {isa = PBXBuildFile; fileRef = D7F884C51CB633F900C506CF /* flashing_on@2x.png */; };
		D7F884CC1CB633F900C506CF /* switch_camera_h@2x.png in Resources */ = {isa = PBXBuildFile; fileRef = D7F884C61CB633F900C506CF /* switch_camera_h@2x.png */; };
		D7F884CD1CB633F900C506CF /* switch_camera@2x.png in Resources */ = {isa = PBXBuildFile; fileRef = D7F884C71CB633F900C506CF /* switch_camera@2x.png */; };
		D7F884CE1CB633F900C506CF /* touch_focus_x@2x.png in Resources */ = {isa = PBXBuildFile; fileRef = D7F884C81CB633F900C506CF /* touch_focus_x@2x.png */; };
/* End PBXBuildFile section */

/* Begin PBXContainerItemProxy section */
		D7F79DA51CB601E4009B040C /* PBXContainerItemProxy */ = {
			isa = PBXContainerItemProxy;
			containerPortal = 5AA8D53F188F9DBB00C854BC /* Project object */;
			proxyType = 1;
			remoteGlobalIDString = D7F79D9E1CB60194009B040C;
			remoteInfo = uexCameraBundle;
		};
/* End PBXContainerItemProxy section */

/* Begin PBXCopyFilesBuildPhase section */
		5AA8D545188F9DBB00C854BC /* CopyFiles */ = {
			isa = PBXCopyFilesBuildPhase;
			buildActionMask = 2147483647;
			dstPath = "include/$(PRODUCT_NAME)";
			dstSubfolderSpec = 16;
			files = (
			);
			runOnlyForDeploymentPostprocessing = 0;
		};
/* End PBXCopyFilesBuildPhase section */

/* Begin PBXFileReference section */
		5A60A94A18AB608500C727A6 /* EUExCamera.h */ = {isa = PBXFileReference; lastKnownFileType = sourcecode.c.h; path = EUExCamera.h; sourceTree = "<group>"; };
		5AA8D547188F9DBB00C854BC /* libuexCamera.a */ = {isa = PBXFileReference; explicitFileType = archive.ar; includeInIndex = 0; path = libuexCamera.a; sourceTree = BUILT_PRODUCTS_DIR; };
		5AA8D54A188F9DBB00C854BC /* Foundation.framework */ = {isa = PBXFileReference; lastKnownFileType = wrapper.framework; name = Foundation.framework; path = System/Library/Frameworks/Foundation.framework; sourceTree = SDKROOT; };
		5AA8D54E188F9DBB00C854BC /* EUExCamera-Prefix.pch */ = {isa = PBXFileReference; lastKnownFileType = sourcecode.c.h; path = "EUExCamera-Prefix.pch"; sourceTree = "<group>"; };
		5AA8D551188F9DBB00C854BC /* EUExCamera.m */ = {isa = PBXFileReference; lastKnownFileType = sourcecode.c.objc; path = EUExCamera.m; sourceTree = "<group>"; };
		5AA8D558188F9DBB00C854BC /* XCTest.framework */ = {isa = PBXFileReference; lastKnownFileType = wrapper.framework; name = XCTest.framework; path = Library/Frameworks/XCTest.framework; sourceTree = DEVELOPER_DIR; };
		5AA8D55B188F9DBB00C854BC /* UIKit.framework */ = {isa = PBXFileReference; lastKnownFileType = wrapper.framework; name = UIKit.framework; path = Library/Frameworks/UIKit.framework; sourceTree = DEVELOPER_DIR; };
		5AA8D571188F9E2B00C854BC /* EUExBase.h */ = {isa = PBXFileReference; fileEncoding = 4; lastKnownFileType = sourcecode.c.h; path = EUExBase.h; sourceTree = "<group>"; };
		5AA8D572188F9E2B00C854BC /* EUExBaseDefine.h */ = {isa = PBXFileReference; fileEncoding = 4; lastKnownFileType = sourcecode.c.h; path = EUExBaseDefine.h; sourceTree = "<group>"; };
		5AA8D573188F9E2B00C854BC /* EUtility.h */ = {isa = PBXFileReference; fileEncoding = 4; lastKnownFileType = sourcecode.c.h; path = EUtility.h; sourceTree = "<group>"; };
		D75F5EAE1C6046B600F480FA /* CameraUtility.h */ = {isa = PBXFileReference; fileEncoding = 4; lastKnownFileType = sourcecode.c.h; path = CameraUtility.h; sourceTree = "<group>"; };
		D75F5EAF1C6046B600F480FA /* CameraUtility.m */ = {isa = PBXFileReference; fileEncoding = 4; lastKnownFileType = sourcecode.c.objc; path = CameraUtility.m; sourceTree = "<group>"; };
		D75F5EC21C604CE500F480FA /* CameraCaptureCamera.h */ = {isa = PBXFileReference; fileEncoding = 4; lastKnownFileType = sourcecode.c.h; path = CameraCaptureCamera.h; sourceTree = "<group>"; };
		D75F5EC31C604CE500F480FA /* CameraCaptureCamera.m */ = {isa = PBXFileReference; fileEncoding = 4; lastKnownFileType = sourcecode.c.objc; path = CameraCaptureCamera.m; sourceTree = "<group>"; };
		D75F5EC41C604CE500F480FA /* CameraCaptureSessionManager.h */ = {isa = PBXFileReference; fileEncoding = 4; lastKnownFileType = sourcecode.c.h; path = CameraCaptureSessionManager.h; sourceTree = "<group>"; };
		D75F5EC51C604CE500F480FA /* CameraCaptureSessionManager.m */ = {isa = PBXFileReference; fileEncoding = 4; lastKnownFileType = sourcecode.c.objc; path = CameraCaptureSessionManager.m; sourceTree = "<group>"; };
		D75F5EC61C604CE500F480FA /* CameraSlider.h */ = {isa = PBXFileReference; fileEncoding = 4; lastKnownFileType = sourcecode.c.h; path = CameraSlider.h; sourceTree = "<group>"; };
		D75F5EC71C604CE500F480FA /* CameraSlider.m */ = {isa = PBXFileReference; fileEncoding = 4; lastKnownFileType = sourcecode.c.objc; path = CameraSlider.m; sourceTree = "<group>"; };
		D75F5EC81C604CE500F480FA /* UIImage+CameraResize.h */ = {isa = PBXFileReference; fileEncoding = 4; lastKnownFileType = sourcecode.c.h; path = "UIImage+CameraResize.h"; sourceTree = "<group>"; };
		D75F5EC91C604CE500F480FA /* UIImage+CameraResize.m */ = {isa = PBXFileReference; fileEncoding = 4; lastKnownFileType = sourcecode.c.objc; path = "UIImage+CameraResize.m"; sourceTree = "<group>"; };
		D75F5ECB1C604CE500F480FA /* CameraCommon.h */ = {isa = PBXFileReference; fileEncoding = 4; lastKnownFileType = sourcecode.c.h; path = CameraCommon.h; sourceTree = "<group>"; };
		D75F5ECC1C604CE500F480FA /* CameraCommon.m */ = {isa = PBXFileReference; fileEncoding = 4; lastKnownFileType = sourcecode.c.objc; path = CameraCommon.m; sourceTree = "<group>"; };
		D75F5ECD1C604CE500F480FA /* CameraDefines.h */ = {isa = PBXFileReference; fileEncoding = 4; lastKnownFileType = sourcecode.c.h; path = CameraDefines.h; sourceTree = "<group>"; };
		D75F5ECF1C604CE500F480FA /* CameraPickerController.h */ = {isa = PBXFileReference; fileEncoding = 4; lastKnownFileType = sourcecode.c.h; path = CameraPickerController.h; sourceTree = "<group>"; };
		D75F5ED01C604CE500F480FA /* CameraPickerController.m */ = {isa = PBXFileReference; fileEncoding = 4; lastKnownFileType = sourcecode.c.objc; path = CameraPickerController.m; sourceTree = "<group>"; };
		D75F5ED21C604CE500F480FA /* JSON.h */ = {isa = PBXFileReference; fileEncoding = 4; lastKnownFileType = sourcecode.c.h; path = JSON.h; sourceTree = "<group>"; };
		D75F5ED31C604CE500F480FA /* JSONParser.h */ = {isa = PBXFileReference; fileEncoding = 4; lastKnownFileType = sourcecode.c.h; path = JSONParser.h; sourceTree = "<group>"; };
		D75F5ED41C604CE500F480FA /* NSObject+SBJSON.h */ = {isa = PBXFileReference; fileEncoding = 4; lastKnownFileType = sourcecode.c.h; path = "NSObject+SBJSON.h"; sourceTree = "<group>"; };
		D75F5ED51C604CE500F480FA /* NSString+SBJSON.h */ = {isa = PBXFileReference; fileEncoding = 4; lastKnownFileType = sourcecode.c.h; path = "NSString+SBJSON.h"; sourceTree = "<group>"; };
		D75F5ED61C604CE500F480FA /* SBJSON.h */ = {isa = PBXFileReference; fileEncoding = 4; lastKnownFileType = sourcecode.c.h; path = SBJSON.h; sourceTree = "<group>"; };
		D75F5ED71C604CE500F480FA /* SBJsonBase.h */ = {isa = PBXFileReference; fileEncoding = 4; lastKnownFileType = sourcecode.c.h; path = SBJsonBase.h; sourceTree = "<group>"; };
		D75F5ED81C604CE500F480FA /* SBJsonParser.h */ = {isa = PBXFileReference; fileEncoding = 4; lastKnownFileType = sourcecode.c.h; path = SBJsonParser.h; sourceTree = "<group>"; };
		D75F5ED91C604CE500F480FA /* SBJsonWriter.h */ = {isa = PBXFileReference; fileEncoding = 4; lastKnownFileType = sourcecode.c.h; path = SBJsonWriter.h; sourceTree = "<group>"; };
		D75F5EDB1C604CE500F480FA /* CameraPostViewController.h */ = {isa = PBXFileReference; fileEncoding = 4; lastKnownFileType = sourcecode.c.h; path = CameraPostViewController.h; sourceTree = "<group>"; };
		D75F5EDC1C604CE500F480FA /* CameraPostViewController.m */ = {isa = PBXFileReference; fileEncoding = 4; lastKnownFileType = sourcecode.c.objc; path = CameraPostViewController.m; sourceTree = "<group>"; };
		D7D411D71CB78561006B1662 /* en */ = {isa = PBXFileReference; lastKnownFileType = text.plist.strings; name = en; path = en.lproj/Localizable.strings; sourceTree = "<group>"; };
		D7D411D91CB7858F006B1662 /* zh-Hans */ = {isa = PBXFileReference; lastKnownFileType = text.plist.strings; name = "zh-Hans"; path = "zh-Hans.lproj/Localizable.strings"; sourceTree = "<group>"; };
		D7F79D5D1CB5EDCB009B040C /* CameraInternationalization.h */ = {isa = PBXFileReference; fileEncoding = 4; lastKnownFileType = sourcecode.c.h; path = CameraInternationalization.h; sourceTree = "<group>"; };
		D7F79D5E1CB5EDCB009B040C /* CameraInternationalization.m */ = {isa = PBXFileReference; fileEncoding = 4; lastKnownFileType = sourcecode.c.objc; path = CameraInternationalization.m; sourceTree = "<group>"; };
		D7F79D9F1CB60194009B040C /* uexCamera.bundle */ = {isa = PBXFileReference; explicitFileType = wrapper.cfbundle; includeInIndex = 0; path = uexCamera.bundle; sourceTree = BUILT_PRODUCTS_DIR; };
		D7F79DA81CB60720009B040C /* Default.png */ = {isa = PBXFileReference; lastKnownFileType = image.png; path = Default.png; sourceTree = "<group>"; };
		D7F79DA91CB60720009B040C /* flashing_auto.png */ = {isa = PBXFileReference; lastKnownFileType = image.png; path = flashing_auto.png; sourceTree = "<group>"; };
		D7F79DAB1CB60720009B040C /* flashing_off.png */ = {isa = PBXFileReference; lastKnownFileType = image.png; path = flashing_off.png; sourceTree = "<group>"; };
		D7F79DAD1CB60720009B040C /* flashing_on.png */ = {isa = PBXFileReference; lastKnownFileType = image.png; path = flashing_on.png; sourceTree = "<group>"; };
		D7F79DAF1CB60720009B040C /* plugin_camera_bt_takepic_normal.png */ = {isa = PBXFileReference; lastKnownFileType = image.png; path = plugin_camera_bt_takepic_normal.png; sourceTree = "<group>"; };
		D7F79DB01CB60720009B040C /* plugin_camera_bt_takepic_on.png */ = {isa = PBXFileReference; lastKnownFileType = image.png; path = plugin_camera_bt_takepic_on.png; sourceTree = "<group>"; };
		D7F79DB11CB60720009B040C /* switch_camera_h.png */ = {isa = PBXFileReference; lastKnownFileType = image.png; path = switch_camera_h.png; sourceTree = "<group>"; };
		D7F79DB31CB60720009B040C /* switch_camera.png */ = {isa = PBXFileReference; lastKnownFileType = image.png; path = switch_camera.png; sourceTree = "<group>"; };
		D7F79DB51CB60720009B040C /* touch_focus_x.png */ = {isa = PBXFileReference; lastKnownFileType = image.png; path = touch_focus_x.png; sourceTree = "<group>"; };
		D7F884C31CB633F900C506CF /* flashing_auto@2x.png */ = {isa = PBXFileReference; lastKnownFileType = image.png; path = "flashing_auto@2x.png"; sourceTree = "<group>"; };
		D7F884C41CB633F900C506CF /* flashing_off@2x.png */ = {isa = PBXFileReference; lastKnownFileType = image.png; path = "flashing_off@2x.png"; sourceTree = "<group>"; };
		D7F884C51CB633F900C506CF /* flashing_on@2x.png */ = {isa = PBXFileReference; lastKnownFileType = image.png; path = "flashing_on@2x.png"; sourceTree = "<group>"; };
		D7F884C61CB633F900C506CF /* switch_camera_h@2x.png */ = {isa = PBXFileReference; lastKnownFileType = image.png; path = "switch_camera_h@2x.png"; sourceTree = "<group>"; };
		D7F884C71CB633F900C506CF /* switch_camera@2x.png */ = {isa = PBXFileReference; lastKnownFileType = image.png; path = "switch_camera@2x.png"; sourceTree = "<group>"; };
		D7F884C81CB633F900C506CF /* touch_focus_x@2x.png */ = {isa = PBXFileReference; lastKnownFileType = image.png; path = "touch_focus_x@2x.png"; sourceTree = "<group>"; };
/* End PBXFileReference section */

/* Begin PBXFrameworksBuildPhase section */
		5AA8D544188F9DBB00C854BC /* Frameworks */ = {
			isa = PBXFrameworksBuildPhase;
			buildActionMask = 2147483647;
			files = (
				5AA8D54B188F9DBB00C854BC /* Foundation.framework in Frameworks */,
			);
			runOnlyForDeploymentPostprocessing = 0;
		};
		D7F79D9C1CB60194009B040C /* Frameworks */ = {
			isa = PBXFrameworksBuildPhase;
			buildActionMask = 2147483647;
			files = (
			);
			runOnlyForDeploymentPostprocessing = 0;
		};
/* End PBXFrameworksBuildPhase section */

/* Begin PBXGroup section */
		5AA8D53E188F9DBB00C854BC = {
			isa = PBXGroup;
			children = (
				5AA8D54C188F9DBB00C854BC /* EUExCamera */,
				5AA8D549188F9DBB00C854BC /* Frameworks */,
				5AA8D548188F9DBB00C854BC /* Products */,
			);
			sourceTree = "<group>";
		};
		5AA8D548188F9DBB00C854BC /* Products */ = {
			isa = PBXGroup;
			children = (
				5AA8D547188F9DBB00C854BC /* libuexCamera.a */,
				D7F79D9F1CB60194009B040C /* uexCamera.bundle */,
			);
			name = Products;
			sourceTree = "<group>";
		};
		5AA8D549188F9DBB00C854BC /* Frameworks */ = {
			isa = PBXGroup;
			children = (
				5AA8D54A188F9DBB00C854BC /* Foundation.framework */,
				5AA8D558188F9DBB00C854BC /* XCTest.framework */,
				5AA8D55B188F9DBB00C854BC /* UIKit.framework */,
			);
			name = Frameworks;
			sourceTree = "<group>";
		};
		5AA8D54C188F9DBB00C854BC /* EUExCamera */ = {
			isa = PBXGroup;
			children = (
				5A60A94A18AB608500C727A6 /* EUExCamera.h */,
				5AA8D551188F9DBB00C854BC /* EUExCamera.m */,
				5AA8D570188F9E2B00C854BC /* engineHeader */,
				D75F5EAE1C6046B600F480FA /* CameraUtility.h */,
				D75F5EAF1C6046B600F480FA /* CameraUtility.m */,
				D75F5EC01C604CE500F480FA /* sourceCode */,
				D7F79DA71CB60322009B040C /* uexCameraBundle */,
				5AA8D54D188F9DBB00C854BC /* Supporting Files */,
			);
			path = EUExCamera;
			sourceTree = "<group>";
		};
		5AA8D54D188F9DBB00C854BC /* Supporting Files */ = {
			isa = PBXGroup;
			children = (
				5AA8D54E188F9DBB00C854BC /* EUExCamera-Prefix.pch */,
			);
			name = "Supporting Files";
			sourceTree = "<group>";
		};
		5AA8D570188F9E2B00C854BC /* engineHeader */ = {
			isa = PBXGroup;
			children = (
				5AA8D571188F9E2B00C854BC /* EUExBase.h */,
				5AA8D572188F9E2B00C854BC /* EUExBaseDefine.h */,
				5AA8D573188F9E2B00C854BC /* EUtility.h */,
			);
			path = engineHeader;
			sourceTree = "<group>";
		};
		D75F5EC01C604CE500F480FA /* sourceCode */ = {
			isa = PBXGroup;
			children = (
				D75F5EC11C604CE500F480FA /* CameraCaptureCamera */,
				D75F5ECE1C604CE500F480FA /* CameraPickerController */,
				D75F5ECA1C604CE500F480FA /* CameraCommon */,
				D75F5ED11C604CE500F480FA /* JSON */,
				D75F5EDA1C604CE500F480FA /* Post */,
			);
			path = sourceCode;
			sourceTree = "<group>";
		};
		D75F5EC11C604CE500F480FA /* CameraCaptureCamera */ = {
			isa = PBXGroup;
			children = (
				D75F5EC21C604CE500F480FA /* CameraCaptureCamera.h */,
				D75F5EC31C604CE500F480FA /* CameraCaptureCamera.m */,
				D75F5EC41C604CE500F480FA /* CameraCaptureSessionManager.h */,
				D75F5EC51C604CE500F480FA /* CameraCaptureSessionManager.m */,
				D75F5EC61C604CE500F480FA /* CameraSlider.h */,
				D75F5EC71C604CE500F480FA /* CameraSlider.m */,
				D75F5EC81C604CE500F480FA /* UIImage+CameraResize.h */,
				D75F5EC91C604CE500F480FA /* UIImage+CameraResize.m */,
			);
			path = CameraCaptureCamera;
			sourceTree = "<group>";
		};
		D75F5ECA1C604CE500F480FA /* CameraCommon */ = {
			isa = PBXGroup;
			children = (
				D7F79D5D1CB5EDCB009B040C /* CameraInternationalization.h */,
				D7F79D5E1CB5EDCB009B040C /* CameraInternationalization.m */,
				D75F5ECB1C604CE500F480FA /* CameraCommon.h */,
				D75F5ECC1C604CE500F480FA /* CameraCommon.m */,
				D75F5ECD1C604CE500F480FA /* CameraDefines.h */,
			);
			path = CameraCommon;
			sourceTree = "<group>";
		};
		D75F5ECE1C604CE500F480FA /* CameraPickerController */ = {
			isa = PBXGroup;
			children = (
				D75F5ECF1C604CE500F480FA /* CameraPickerController.h */,
				D75F5ED01C604CE500F480FA /* CameraPickerController.m */,
			);
			path = CameraPickerController;
			sourceTree = "<group>";
		};
		D75F5ED11C604CE500F480FA /* JSON */ = {
			isa = PBXGroup;
			children = (
				D75F5ED21C604CE500F480FA /* JSON.h */,
				D75F5ED31C604CE500F480FA /* JSONParser.h */,
				D75F5ED41C604CE500F480FA /* NSObject+SBJSON.h */,
				D75F5ED51C604CE500F480FA /* NSString+SBJSON.h */,
				D75F5ED61C604CE500F480FA /* SBJSON.h */,
				D75F5ED71C604CE500F480FA /* SBJsonBase.h */,
				D75F5ED81C604CE500F480FA /* SBJsonParser.h */,
				D75F5ED91C604CE500F480FA /* SBJsonWriter.h */,
			);
			path = JSON;
			sourceTree = "<group>";
		};
		D75F5EDA1C604CE500F480FA /* Post */ = {
			isa = PBXGroup;
			children = (
				D75F5EDB1C604CE500F480FA /* CameraPostViewController.h */,
				D75F5EDC1C604CE500F480FA /* CameraPostViewController.m */,
			);
			path = Post;
			sourceTree = "<group>";
		};
		D7F79DA71CB60322009B040C /* uexCameraBundle */ = {
			isa = PBXGroup;
			children = (
				D7D411D81CB78561006B1662 /* Localizable.strings */,
				D7F79DA81CB60720009B040C /* Default.png */,
				D7F79DA91CB60720009B040C /* flashing_auto.png */,
				D7F884C31CB633F900C506CF /* flashing_auto@2x.png */,
				D7F79DAB1CB60720009B040C /* flashing_off.png */,
				D7F884C41CB633F900C506CF /* flashing_off@2x.png */,
				D7F79DAD1CB60720009B040C /* flashing_on.png */,
				D7F884C51CB633F900C506CF /* flashing_on@2x.png */,
				D7F79DAF1CB60720009B040C /* plugin_camera_bt_takepic_normal.png */,
				D7F79DB01CB60720009B040C /* plugin_camera_bt_takepic_on.png */,
				D7F79DB11CB60720009B040C /* switch_camera_h.png */,
				D7F884C61CB633F900C506CF /* switch_camera_h@2x.png */,
				D7F79DB31CB60720009B040C /* switch_camera.png */,
				D7F884C71CB633F900C506CF /* switch_camera@2x.png */,
				D7F79DB51CB60720009B040C /* touch_focus_x.png */,
				D7F884C81CB633F900C506CF /* touch_focus_x@2x.png */,
			);
			path = uexCameraBundle;
			sourceTree = SOURCE_ROOT;
		};
/* End PBXGroup section */

/* Begin PBXNativeTarget section */
		5AA8D546188F9DBB00C854BC /* EUExCamera */ = {
			isa = PBXNativeTarget;
			buildConfigurationList = 5AA8D56A188F9DBB00C854BC /* Build configuration list for PBXNativeTarget "EUExCamera" */;
			buildPhases = (
				5AA8D543188F9DBB00C854BC /* Sources */,
				5AA8D544188F9DBB00C854BC /* Frameworks */,
				5AA8D545188F9DBB00C854BC /* CopyFiles */,
			);
			buildRules = (
			);
			dependencies = (
				D7F79DA61CB601E4009B040C /* PBXTargetDependency */,
			);
			name = EUExCamera;
			productName = EUExCamera;
			productReference = 5AA8D547188F9DBB00C854BC /* libuexCamera.a */;
			productType = "com.apple.product-type.library.static";
		};
		D7F79D9E1CB60194009B040C /* uexCameraBundle */ = {
			isa = PBXNativeTarget;
			buildConfigurationList = D7F79DA21CB60194009B040C /* Build configuration list for PBXNativeTarget "uexCameraBundle" */;
			buildPhases = (
				D7F79D9B1CB60194009B040C /* Sources */,
				D7F79D9C1CB60194009B040C /* Frameworks */,
				D7F79D9D1CB60194009B040C /* Resources */,
			);
			buildRules = (
			);
			dependencies = (
			);
			name = uexCameraBundle;
			productName = uexCameraBundle;
			productReference = D7F79D9F1CB60194009B040C /* uexCamera.bundle */;
			productType = "com.apple.product-type.bundle";
		};
/* End PBXNativeTarget section */

/* Begin PBXProject section */
		5AA8D53F188F9DBB00C854BC /* Project object */ = {
			isa = PBXProject;
			attributes = {
				LastUpgradeCheck = 0500;
				ORGANIZATIONNAME = xll;
				TargetAttributes = {
					D7F79D9E1CB60194009B040C = {
						CreatedOnToolsVersion = 7.3;
					};
				};
			};
			buildConfigurationList = 5AA8D542188F9DBB00C854BC /* Build configuration list for PBXProject "EUExCamera" */;
			compatibilityVersion = "Xcode 3.2";
			developmentRegion = English;
			hasScannedForEncodings = 0;
			knownRegions = (
				en,
				"zh-Hans",
			);
			mainGroup = 5AA8D53E188F9DBB00C854BC;
			productRefGroup = 5AA8D548188F9DBB00C854BC /* Products */;
			projectDirPath = "";
			projectRoot = "";
			targets = (
				5AA8D546188F9DBB00C854BC /* EUExCamera */,
				D7F79D9E1CB60194009B040C /* uexCameraBundle */,
			);
		};
/* End PBXProject section */

/* Begin PBXResourcesBuildPhase section */
		D7F79D9D1CB60194009B040C /* Resources */ = {
			isa = PBXResourcesBuildPhase;
			buildActionMask = 2147483647;
			files = (
				D7F884CA1CB633F900C506CF /* flashing_off@2x.png in Resources */,
				D7F79DBC1CB60720009B040C /* flashing_on.png in Resources */,
				D7F79DB81CB60720009B040C /* flashing_auto.png in Resources */,
				D7F884CE1CB633F900C506CF /* touch_focus_x@2x.png in Resources */,
				D7F884CB1CB633F900C506CF /* flashing_on@2x.png in Resources */,
				D7F79DBE1CB60720009B040C /* plugin_camera_bt_takepic_normal.png in Resources */,
				D7F884CD1CB633F900C506CF /* switch_camera@2x.png in Resources */,
				D7F79DBA1CB60720009B040C /* flashing_off.png in Resources */,
				D7F884CC1CB633F900C506CF /* switch_camera_h@2x.png in Resources */,
				D7F79DC01CB60720009B040C /* switch_camera_h.png in Resources */,
				D7F884C91CB633F900C506CF /* flashing_auto@2x.png in Resources */,
				D7F79DC21CB60720009B040C /* switch_camera.png in Resources */,
				D7F79DBF1CB60720009B040C /* plugin_camera_bt_takepic_on.png in Resources */,
				D7D411D61CB78561006B1662 /* Localizable.strings in Resources */,
				D7F79DB71CB60720009B040C /* Default.png in Resources */,
				D7F79DC41CB60720009B040C /* touch_focus_x.png in Resources */,
			);
			runOnlyForDeploymentPostprocessing = 0;
		};
/* End PBXResourcesBuildPhase section */

/* Begin PBXSourcesBuildPhase section */
		5AA8D543188F9DBB00C854BC /* Sources */ = {
			isa = PBXSourcesBuildPhase;
			buildActionMask = 2147483647;
			files = (
				D7F79D5F1CB5EDCB009B040C /* CameraInternationalization.m in Sources */,
				D75F5EDF1C604CE500F480FA /* CameraSlider.m in Sources */,
				D75F5EDE1C604CE500F480FA /* CameraCaptureSessionManager.m in Sources */,
				D75F5EE01C604CE500F480FA /* UIImage+CameraResize.m in Sources */,
				5AA8D552188F9DBB00C854BC /* EUExCamera.m in Sources */,
				D75F5EE31C604CE500F480FA /* CameraPostViewController.m in Sources */,
				D75F5EE11C604CE500F480FA /* CameraCommon.m in Sources */,
				D75F5EDD1C604CE500F480FA /* CameraCaptureCamera.m in Sources */,
				D75F5EE21C604CE500F480FA /* CameraPickerController.m in Sources */,
				D75F5EB01C6046B600F480FA /* CameraUtility.m in Sources */,
			);
			runOnlyForDeploymentPostprocessing = 0;
		};
		D7F79D9B1CB60194009B040C /* Sources */ = {
			isa = PBXSourcesBuildPhase;
			buildActionMask = 2147483647;
			files = (
			);
			runOnlyForDeploymentPostprocessing = 0;
		};
/* End PBXSourcesBuildPhase section */

/* Begin PBXTargetDependency section */
		D7F79DA61CB601E4009B040C /* PBXTargetDependency */ = {
			isa = PBXTargetDependency;
			target = D7F79D9E1CB60194009B040C /* uexCameraBundle */;
			targetProxy = D7F79DA51CB601E4009B040C /* PBXContainerItemProxy */;
		};
/* End PBXTargetDependency section */

/* Begin PBXVariantGroup section */
		D7D411D81CB78561006B1662 /* Localizable.strings */ = {
			isa = PBXVariantGroup;
			children = (
				D7D411D71CB78561006B1662 /* en */,
				D7D411D91CB7858F006B1662 /* zh-Hans */,
			);
			name = Localizable.strings;
			sourceTree = "<group>";
		};
/* End PBXVariantGroup section */

/* Begin XCBuildConfiguration section */
		5AA8D568188F9DBB00C854BC /* Debug */ = {
			isa = XCBuildConfiguration;
			buildSettings = {
				ALWAYS_SEARCH_USER_PATHS = NO;
				ARCHS = "$(ARCHS_STANDARD_INCLUDING_64_BIT)";
				CLANG_CXX_LANGUAGE_STANDARD = "gnu++0x";
				CLANG_CXX_LIBRARY = "libc++";
				CLANG_ENABLE_MODULES = YES;
				CLANG_ENABLE_OBJC_ARC = NO;
				CLANG_WARN_BOOL_CONVERSION = YES;
				CLANG_WARN_CONSTANT_CONVERSION = YES;
				CLANG_WARN_DIRECT_OBJC_ISA_USAGE = YES_ERROR;
				CLANG_WARN_EMPTY_BODY = YES;
				CLANG_WARN_ENUM_CONVERSION = YES;
				CLANG_WARN_INT_CONVERSION = YES;
				CLANG_WARN_OBJC_ROOT_CLASS = YES_ERROR;
				CLANG_WARN__DUPLICATE_METHOD_MATCH = YES;
				CONFIGURATION_BUILD_DIR = "$(SRCROOT)/uexCamera/";
				COPY_PHASE_STRIP = NO;
				GCC_C_LANGUAGE_STANDARD = gnu99;
				GCC_DYNAMIC_NO_PIC = NO;
				GCC_OPTIMIZATION_LEVEL = 0;
				GCC_PREPROCESSOR_DEFINITIONS = (
					"DEBUG=1",
					"$(inherited)",
				);
				GCC_SYMBOLS_PRIVATE_EXTERN = NO;
				GCC_WARN_64_TO_32_BIT_CONVERSION = YES;
				GCC_WARN_ABOUT_RETURN_TYPE = YES_ERROR;
				GCC_WARN_UNDECLARED_SELECTOR = YES;
				GCC_WARN_UNINITIALIZED_AUTOS = YES;
				GCC_WARN_UNUSED_FUNCTION = YES;
				GCC_WARN_UNUSED_VARIABLE = YES;
				INFOPLIST_EXPAND_BUILD_SETTINGS = YES;
				IPHONEOS_DEPLOYMENT_TARGET = 6.0;
				ONLY_ACTIVE_ARCH = YES;
				SDKROOT = iphoneos;
			};
			name = Debug;
		};
		5AA8D569188F9DBB00C854BC /* Release */ = {
			isa = XCBuildConfiguration;
			buildSettings = {
				ALWAYS_SEARCH_USER_PATHS = NO;
				ARCHS = "$(ARCHS_STANDARD_INCLUDING_64_BIT)";
				CLANG_CXX_LANGUAGE_STANDARD = "gnu++0x";
				CLANG_CXX_LIBRARY = "libc++";
				CLANG_ENABLE_MODULES = YES;
				CLANG_ENABLE_OBJC_ARC = NO;
				CLANG_WARN_BOOL_CONVERSION = YES;
				CLANG_WARN_CONSTANT_CONVERSION = YES;
				CLANG_WARN_DIRECT_OBJC_ISA_USAGE = YES_ERROR;
				CLANG_WARN_EMPTY_BODY = YES;
				CLANG_WARN_ENUM_CONVERSION = YES;
				CLANG_WARN_INT_CONVERSION = YES;
				CLANG_WARN_OBJC_ROOT_CLASS = YES_ERROR;
				CLANG_WARN__DUPLICATE_METHOD_MATCH = YES;
				CONFIGURATION_BUILD_DIR = "$(SRCROOT)/uexCamera/";
				COPY_PHASE_STRIP = YES;
				ENABLE_NS_ASSERTIONS = NO;
				GCC_C_LANGUAGE_STANDARD = gnu99;
				GCC_WARN_64_TO_32_BIT_CONVERSION = YES;
				GCC_WARN_ABOUT_RETURN_TYPE = YES_ERROR;
				GCC_WARN_UNDECLARED_SELECTOR = YES;
				GCC_WARN_UNINITIALIZED_AUTOS = YES;
				GCC_WARN_UNUSED_FUNCTION = YES;
				GCC_WARN_UNUSED_VARIABLE = YES;
				INFOPLIST_EXPAND_BUILD_SETTINGS = YES;
				IPHONEOS_DEPLOYMENT_TARGET = 6.0;
				SDKROOT = iphoneos;
				VALIDATE_PRODUCT = YES;
			};
			name = Release;
		};
		5AA8D56B188F9DBB00C854BC /* Debug */ = {
			isa = XCBuildConfiguration;
			buildSettings = {
				ARCHS = "$(ARCHS_STANDARD)";
				CLANG_ENABLE_OBJC_ARC = YES;
				CONFIGURATION_BUILD_DIR = "$(SRCROOT)/uexCamera/";
				DSTROOT = /tmp/EUExCamera.dst;
				GCC_PRECOMPILE_PREFIX_HEADER = YES;
				GCC_PREFIX_HEADER = "EUExCamera/EUExCamera-Prefix.pch";
				INFOPLIST_EXPAND_BUILD_SETTINGS = YES;
				ONLY_ACTIVE_ARCH = NO;
				OTHER_LDFLAGS = "-ObjC";
				PRODUCT_NAME = uexCamera;
				SKIP_INSTALL = YES;
			};
			name = Debug;
		};
		5AA8D56C188F9DBB00C854BC /* Release */ = {
			isa = XCBuildConfiguration;
			buildSettings = {
				ARCHS = "$(ARCHS_STANDARD)";
				CLANG_ENABLE_OBJC_ARC = YES;
				CONFIGURATION_BUILD_DIR = "$(SRCROOT)/uexCamera/";
				DSTROOT = /tmp/EUExCamera.dst;
				GCC_PRECOMPILE_PREFIX_HEADER = YES;
				GCC_PREFIX_HEADER = "EUExCamera/EUExCamera-Prefix.pch";
				INFOPLIST_EXPAND_BUILD_SETTINGS = YES;
				ONLY_ACTIVE_ARCH = NO;
				OTHER_LDFLAGS = "-ObjC";
				PRODUCT_NAME = uexCamera;
				SKIP_INSTALL = YES;
			};
			name = Release;
		};
		D7F79DA31CB60194009B040C /* Debug */ = {
			isa = XCBuildConfiguration;
			buildSettings = {
				CLANG_ANALYZER_NONNULL = YES;
				CLANG_ENABLE_OBJC_ARC = YES;
				CLANG_WARN_UNREACHABLE_CODE = YES;
				CODE_SIGN_IDENTITY = "-";
				COMBINE_HIDPI_IMAGES = NO;
				CONFIGURATION_BUILD_DIR = $SRCROOT/uexCamera;
				DEBUG_INFORMATION_FORMAT = dwarf;
				ENABLE_STRICT_OBJC_MSGSEND = YES;
				ENABLE_TESTABILITY = YES;
				GCC_NO_COMMON_BLOCKS = YES;
				GCC_WARN_UNINITIALIZED_AUTOS = YES_AGGRESSIVE;
				INFOPLIST_FILE = "";
				INSTALL_PATH = "$(LOCAL_LIBRARY_DIR)/Bundles";
				MACOSX_DEPLOYMENT_TARGET = 10.11;
				MTL_ENABLE_DEBUG_INFO = YES;
				PRODUCT_BUNDLE_IDENTIFIER = com.zywx.uexCameraBundle;
				PRODUCT_MODULE_NAME = uexCamera;
				PRODUCT_NAME = uexCamera;
				SDKROOT = iphoneos;
				SKIP_INSTALL = YES;
				WRAPPER_EXTENSION = bundle;
			};
			name = Debug;
		};
		D7F79DA41CB60194009B040C /* Release */ = {
			isa = XCBuildConfiguration;
			buildSettings = {
				CLANG_ANALYZER_NONNULL = YES;
				CLANG_ENABLE_OBJC_ARC = YES;
				CLANG_WARN_UNREACHABLE_CODE = YES;
				CODE_SIGN_IDENTITY = "-";
				COMBINE_HIDPI_IMAGES = NO;
				CONFIGURATION_BUILD_DIR = $SRCROOT/uexCamera;
				COPY_PHASE_STRIP = NO;
				DEBUG_INFORMATION_FORMAT = "dwarf-with-dsym";
				ENABLE_STRICT_OBJC_MSGSEND = YES;
				GCC_NO_COMMON_BLOCKS = YES;
				GCC_WARN_UNINITIALIZED_AUTOS = YES_AGGRESSIVE;
				INFOPLIST_FILE = "";
				INSTALL_PATH = "$(LOCAL_LIBRARY_DIR)/Bundles";
				MACOSX_DEPLOYMENT_TARGET = 10.11;
				MTL_ENABLE_DEBUG_INFO = NO;
				PRODUCT_BUNDLE_IDENTIFIER = com.zywx.uexCameraBundle;
				PRODUCT_MODULE_NAME = uexCamera;
				PRODUCT_NAME = uexCamera;
				SDKROOT = iphoneos;
				SKIP_INSTALL = YES;
				WRAPPER_EXTENSION = bundle;
			};
			name = Release;
		};
/* End XCBuildConfiguration section */

/* Begin XCConfigurationList section */
		5AA8D542188F9DBB00C854BC /* Build configuration list for PBXProject "EUExCamera" */ = {
			isa = XCConfigurationList;
			buildConfigurations = (
				5AA8D568188F9DBB00C854BC /* Debug */,
				5AA8D569188F9DBB00C854BC /* Release */,
			);
			defaultConfigurationIsVisible = 0;
			defaultConfigurationName = Release;
		};
		5AA8D56A188F9DBB00C854BC /* Build configuration list for PBXNativeTarget "EUExCamera" */ = {
			isa = XCConfigurationList;
			buildConfigurations = (
				5AA8D56B188F9DBB00C854BC /* Debug */,
				5AA8D56C188F9DBB00C854BC /* Release */,
			);
			defaultConfigurationIsVisible = 0;
			defaultConfigurationName = Release;
		};
		D7F79DA21CB60194009B040C /* Build configuration list for PBXNativeTarget "uexCameraBundle" */ = {
			isa = XCConfigurationList;
			buildConfigurations = (
				D7F79DA31CB60194009B040C /* Debug */,
				D7F79DA41CB60194009B040C /* Release */,
			);
			defaultConfigurationIsVisible = 0;
			defaultConfigurationName = Release;
		};
/* End XCConfigurationList section */
	};
	rootObject = 5AA8D53F188F9DBB00C854BC /* Project object */;
}
